// !$*UTF8*$!
{
	archiveVersion = 1;
	classes = {
	};
	objectVersion = 56;
	objects = {

/* Begin PBXBuildFile section */
		D0B146872CC95906003D9711 /* LoginViewController.swift in Sources */ = {isa = PBXBuildFile; fileRef = D0B146862CC95906003D9711 /* LoginViewController.swift */; };
		D0B1468A2CC9591B003D9711 /* RegisterViewController.swift in Sources */ = {isa = PBXBuildFile; fileRef = D0B146892CC9591B003D9711 /* RegisterViewController.swift */; };
		D0B1468D2CC95938003D9711 /* PhotoViewerViewController.swift in Sources */ = {isa = PBXBuildFile; fileRef = D0B1468C2CC95938003D9711 /* PhotoViewerViewController.swift */; };
		D0B146902CC95953003D9711 /* VideoPlayerViewController.swift in Sources */ = {isa = PBXBuildFile; fileRef = D0B1468F2CC95953003D9711 /* VideoPlayerViewController.swift */; };
		D0B146922CC95976003D9711 /* NewConversationViewController.swift in Sources */ = {isa = PBXBuildFile; fileRef = D0B146912CC95976003D9711 /* NewConversationViewController.swift */; };
		D0EB3A332CC9309E00D76DD3 /* AppDelegate.swift in Sources */ = {isa = PBXBuildFile; fileRef = D0EB3A322CC9309E00D76DD3 /* AppDelegate.swift */; };
		D0EB3A352CC9309E00D76DD3 /* SceneDelegate.swift in Sources */ = {isa = PBXBuildFile; fileRef = D0EB3A342CC9309E00D76DD3 /* SceneDelegate.swift */; };
		D0EB3A372CC9309E00D76DD3 /* ConversationsViewController.swift in Sources */ = {isa = PBXBuildFile; fileRef = D0EB3A362CC9309E00D76DD3 /* ConversationsViewController.swift */; };
		D0EB3A3C2CC9309F00D76DD3 /* Assets.xcassets in Resources */ = {isa = PBXBuildFile; fileRef = D0EB3A3B2CC9309F00D76DD3 /* Assets.xcassets */; };
		D0EB3A3F2CC9309F00D76DD3 /* Base in Resources */ = {isa = PBXBuildFile; fileRef = D0EB3A3E2CC9309F00D76DD3 /* Base */; };
		D0EB3A4A2CC9309F00D76DD3 /* HootMessengerTests.swift in Sources */ = {isa = PBXBuildFile; fileRef = D0EB3A492CC9309F00D76DD3 /* HootMessengerTests.swift */; };
		D0EB3A542CC9309F00D76DD3 /* HootMessengerUITests.swift in Sources */ = {isa = PBXBuildFile; fileRef = D0EB3A532CC9309F00D76DD3 /* HootMessengerUITests.swift */; };
		D0EB3A562CC9309F00D76DD3 /* HootMessengerUITestsLaunchTests.swift in Sources */ = {isa = PBXBuildFile; fileRef = D0EB3A552CC9309F00D76DD3 /* HootMessengerUITestsLaunchTests.swift */; };
		D0EB3A6B2CC93D1600D76DD3 /* Coordinating.swift in Sources */ = {isa = PBXBuildFile; fileRef = D0EB3A6A2CC93D1600D76DD3 /* Coordinating.swift */; };
		D0EB3A6D2CC93D4200D76DD3 /* Coordinator.swift in Sources */ = {isa = PBXBuildFile; fileRef = D0EB3A6C2CC93D4200D76DD3 /* Coordinator.swift */; };
/* End PBXBuildFile section */

/* Begin PBXContainerItemProxy section */
		D0EB3A462CC9309F00D76DD3 /* PBXContainerItemProxy */ = {
			isa = PBXContainerItemProxy;
			containerPortal = D0EB3A272CC9309E00D76DD3 /* Project object */;
			proxyType = 1;
			remoteGlobalIDString = D0EB3A2E2CC9309E00D76DD3;
			remoteInfo = HootMessenger;
		};
		D0EB3A502CC9309F00D76DD3 /* PBXContainerItemProxy */ = {
			isa = PBXContainerItemProxy;
			containerPortal = D0EB3A272CC9309E00D76DD3 /* Project object */;
			proxyType = 1;
			remoteGlobalIDString = D0EB3A2E2CC9309E00D76DD3;
			remoteInfo = HootMessenger;
		};
/* End PBXContainerItemProxy section */

/* Begin PBXFileReference section */
		D0B146862CC95906003D9711 /* LoginViewController.swift */ = {isa = PBXFileReference; lastKnownFileType = sourcecode.swift; path = LoginViewController.swift; sourceTree = "<group>"; };
		D0B146892CC9591B003D9711 /* RegisterViewController.swift */ = {isa = PBXFileReference; lastKnownFileType = sourcecode.swift; path = RegisterViewController.swift; sourceTree = "<group>"; };
		D0B1468C2CC95938003D9711 /* PhotoViewerViewController.swift */ = {isa = PBXFileReference; lastKnownFileType = sourcecode.swift; path = PhotoViewerViewController.swift; sourceTree = "<group>"; };
		D0B1468F2CC95953003D9711 /* VideoPlayerViewController.swift */ = {isa = PBXFileReference; lastKnownFileType = sourcecode.swift; path = VideoPlayerViewController.swift; sourceTree = "<group>"; };
		D0B146912CC95976003D9711 /* NewConversationViewController.swift */ = {isa = PBXFileReference; lastKnownFileType = sourcecode.swift; path = NewConversationViewController.swift; sourceTree = "<group>"; };
		D0EB3A2F2CC9309E00D76DD3 /* HootMessenger.app */ = {isa = PBXFileReference; explicitFileType = wrapper.application; includeInIndex = 0; path = HootMessenger.app; sourceTree = BUILT_PRODUCTS_DIR; };
		D0EB3A322CC9309E00D76DD3 /* AppDelegate.swift */ = {isa = PBXFileReference; lastKnownFileType = sourcecode.swift; path = AppDelegate.swift; sourceTree = "<group>"; };
		D0EB3A342CC9309E00D76DD3 /* SceneDelegate.swift */ = {isa = PBXFileReference; lastKnownFileType = sourcecode.swift; path = SceneDelegate.swift; sourceTree = "<group>"; };
		D0EB3A362CC9309E00D76DD3 /* ConversationsViewController.swift */ = {isa = PBXFileReference; lastKnownFileType = sourcecode.swift; path = ConversationsViewController.swift; sourceTree = "<group>"; };
		D0EB3A3B2CC9309F00D76DD3 /* Assets.xcassets */ = {isa = PBXFileReference; lastKnownFileType = folder.assetcatalog; path = Assets.xcassets; sourceTree = "<group>"; };
		D0EB3A3E2CC9309F00D76DD3 /* Base */ = {isa = PBXFileReference; lastKnownFileType = file.storyboard; name = Base; path = Base.lproj/LaunchScreen.storyboard; sourceTree = "<group>"; };
		D0EB3A402CC9309F00D76DD3 /* Info.plist */ = {isa = PBXFileReference; lastKnownFileType = text.plist.xml; path = Info.plist; sourceTree = "<group>"; };
		D0EB3A452CC9309F00D76DD3 /* HootMessengerTests.xctest */ = {isa = PBXFileReference; explicitFileType = wrapper.cfbundle; includeInIndex = 0; path = HootMessengerTests.xctest; sourceTree = BUILT_PRODUCTS_DIR; };
		D0EB3A492CC9309F00D76DD3 /* HootMessengerTests.swift */ = {isa = PBXFileReference; lastKnownFileType = sourcecode.swift; path = HootMessengerTests.swift; sourceTree = "<group>"; };
		D0EB3A4F2CC9309F00D76DD3 /* HootMessengerUITests.xctest */ = {isa = PBXFileReference; explicitFileType = wrapper.cfbundle; includeInIndex = 0; path = HootMessengerUITests.xctest; sourceTree = BUILT_PRODUCTS_DIR; };
		D0EB3A532CC9309F00D76DD3 /* HootMessengerUITests.swift */ = {isa = PBXFileReference; lastKnownFileType = sourcecode.swift; path = HootMessengerUITests.swift; sourceTree = "<group>"; };
		D0EB3A552CC9309F00D76DD3 /* HootMessengerUITestsLaunchTests.swift */ = {isa = PBXFileReference; lastKnownFileType = sourcecode.swift; path = HootMessengerUITestsLaunchTests.swift; sourceTree = "<group>"; };
		D0EB3A6A2CC93D1600D76DD3 /* Coordinating.swift */ = {isa = PBXFileReference; lastKnownFileType = sourcecode.swift; path = Coordinating.swift; sourceTree = "<group>"; };
		D0EB3A6C2CC93D4200D76DD3 /* Coordinator.swift */ = {isa = PBXFileReference; lastKnownFileType = sourcecode.swift; path = Coordinator.swift; sourceTree = "<group>"; };
/* End PBXFileReference section */

/* Begin PBXFrameworksBuildPhase section */
		D0EB3A2C2CC9309E00D76DD3 /* Frameworks */ = {
			isa = PBXFrameworksBuildPhase;
			buildActionMask = 2147483647;
			files = (
			);
			runOnlyForDeploymentPostprocessing = 0;
		};
		D0EB3A422CC9309F00D76DD3 /* Frameworks */ = {
			isa = PBXFrameworksBuildPhase;
			buildActionMask = 2147483647;
			files = (
			);
			runOnlyForDeploymentPostprocessing = 0;
		};
		D0EB3A4C2CC9309F00D76DD3 /* Frameworks */ = {
			isa = PBXFrameworksBuildPhase;
			buildActionMask = 2147483647;
			files = (
			);
			runOnlyForDeploymentPostprocessing = 0;
		};
/* End PBXFrameworksBuildPhase section */

/* Begin PBXGroup section */
		D0B146842CC958E2003D9711 /* Conversations */ = {
			isa = PBXGroup;
			children = (
				D0EB3A362CC9309E00D76DD3 /* ConversationsViewController.swift */,
				D0B146912CC95976003D9711 /* NewConversationViewController.swift */,
			);
			path = Conversations;
			sourceTree = "<group>";
		};
		D0B146852CC958F7003D9711 /* Login */ = {
			isa = PBXGroup;
			children = (
				D0B146862CC95906003D9711 /* LoginViewController.swift */,
			);
			path = Login;
			sourceTree = "<group>";
		};
		D0B146882CC9590E003D9711 /* Register */ = {
			isa = PBXGroup;
			children = (
				D0B146892CC9591B003D9711 /* RegisterViewController.swift */,
			);
			path = Register;
			sourceTree = "<group>";
		};
		D0B1468B2CC95922003D9711 /* PhotoViewer */ = {
			isa = PBXGroup;
			children = (
				D0B1468C2CC95938003D9711 /* PhotoViewerViewController.swift */,
			);
			path = PhotoViewer;
			sourceTree = "<group>";
		};
		D0B1468E2CC9593F003D9711 /* VideoPlayer */ = {
			isa = PBXGroup;
			children = (
				D0B1468F2CC95953003D9711 /* VideoPlayerViewController.swift */,
			);
			path = VideoPlayer;
			sourceTree = "<group>";
		};
		D0EB3A262CC9309E00D76DD3 = {
			isa = PBXGroup;
			children = (
				D0EB3A312CC9309E00D76DD3 /* HootMessenger */,
				D0EB3A482CC9309F00D76DD3 /* HootMessengerTests */,
				D0EB3A522CC9309F00D76DD3 /* HootMessengerUITests */,
				D0EB3A302CC9309E00D76DD3 /* Products */,
			);
			sourceTree = "<group>";
		};
		D0EB3A302CC9309E00D76DD3 /* Products */ = {
			isa = PBXGroup;
			children = (
				D0EB3A2F2CC9309E00D76DD3 /* HootMessenger.app */,
				D0EB3A452CC9309F00D76DD3 /* HootMessengerTests.xctest */,
				D0EB3A4F2CC9309F00D76DD3 /* HootMessengerUITests.xctest */,
			);
			name = Products;
			sourceTree = "<group>";
		};
		D0EB3A312CC9309E00D76DD3 /* HootMessenger */ = {
			isa = PBXGroup;
			children = (
				D0EB3A692CC9322600D76DD3 /* Extensions */,
				D0EB3A682CC9321100D76DD3 /* Coordinator */,
				D0EB3A672CC9320B00D76DD3 /* Services */,
				D0EB3A662CC9319400D76DD3 /* Commons */,
				D0EB3A652CC9318E00D76DD3 /* Views */,
				D0EB3A632CC9317A00D76DD3 /* ViewControllers */,
				D0EB3A622CC9317200D76DD3 /* Resources */,
				D0EB3A322CC9309E00D76DD3 /* AppDelegate.swift */,
				D0EB3A342CC9309E00D76DD3 /* SceneDelegate.swift */,
				D0EB3A3B2CC9309F00D76DD3 /* Assets.xcassets */,
				D0EB3A3D2CC9309F00D76DD3 /* LaunchScreen.storyboard */,
				D0EB3A402CC9309F00D76DD3 /* Info.plist */,
			);
			path = HootMessenger;
			sourceTree = "<group>";
		};
		D0EB3A482CC9309F00D76DD3 /* HootMessengerTests */ = {
			isa = PBXGroup;
			children = (
				D0EB3A492CC9309F00D76DD3 /* HootMessengerTests.swift */,
			);
			path = HootMessengerTests;
			sourceTree = "<group>";
		};
		D0EB3A522CC9309F00D76DD3 /* HootMessengerUITests */ = {
			isa = PBXGroup;
			children = (
				D0EB3A532CC9309F00D76DD3 /* HootMessengerUITests.swift */,
				D0EB3A552CC9309F00D76DD3 /* HootMessengerUITestsLaunchTests.swift */,
			);
			path = HootMessengerUITests;
			sourceTree = "<group>";
		};
		D0EB3A622CC9317200D76DD3 /* Resources */ = {
			isa = PBXGroup;
			children = (
			);
			path = Resources;
			sourceTree = "<group>";
		};
		D0EB3A632CC9317A00D76DD3 /* ViewControllers */ = {
			isa = PBXGroup;
			children = (
				D0B1468E2CC9593F003D9711 /* VideoPlayer */,
				D0B1468B2CC95922003D9711 /* PhotoViewer */,
				D0B146882CC9590E003D9711 /* Register */,
				D0B146852CC958F7003D9711 /* Login */,
				D0B146842CC958E2003D9711 /* Conversations */,
			);
			path = ViewControllers;
			sourceTree = "<group>";
		};
		D0EB3A652CC9318E00D76DD3 /* Views */ = {
			isa = PBXGroup;
			children = (
			);
			path = Views;
			sourceTree = "<group>";
		};
		D0EB3A662CC9319400D76DD3 /* Commons */ = {
			isa = PBXGroup;
			children = (
			);
			path = Commons;
			sourceTree = "<group>";
		};
		D0EB3A672CC9320B00D76DD3 /* Services */ = {
			isa = PBXGroup;
			children = (
			);
			path = Services;
			sourceTree = "<group>";
		};
		D0EB3A682CC9321100D76DD3 /* Coordinator */ = {
			isa = PBXGroup;
			children = (
				D0EB3A6A2CC93D1600D76DD3 /* Coordinating.swift */,
				D0EB3A6C2CC93D4200D76DD3 /* Coordinator.swift */,
			);
			path = Coordinator;
			sourceTree = "<group>";
		};
		D0EB3A692CC9322600D76DD3 /* Extensions */ = {
			isa = PBXGroup;
			children = (
			);
			path = Extensions;
			sourceTree = "<group>";
		};
/* End PBXGroup section */

/* Begin PBXNativeTarget section */
		D0EB3A2E2CC9309E00D76DD3 /* HootMessenger */ = {
			isa = PBXNativeTarget;
			buildConfigurationList = D0EB3A592CC9309F00D76DD3 /* Build configuration list for PBXNativeTarget "HootMessenger" */;
			buildPhases = (
				D0EB3A2B2CC9309E00D76DD3 /* Sources */,
				D0EB3A2C2CC9309E00D76DD3 /* Frameworks */,
				D0EB3A2D2CC9309E00D76DD3 /* Resources */,
			);
			buildRules = (
			);
			dependencies = (
			);
			name = HootMessenger;
			productName = HootMessenger;
			productReference = D0EB3A2F2CC9309E00D76DD3 /* HootMessenger.app */;
			productType = "com.apple.product-type.application";
		};
		D0EB3A442CC9309F00D76DD3 /* HootMessengerTests */ = {
			isa = PBXNativeTarget;
			buildConfigurationList = D0EB3A5C2CC9309F00D76DD3 /* Build configuration list for PBXNativeTarget "HootMessengerTests" */;
			buildPhases = (
				D0EB3A412CC9309F00D76DD3 /* Sources */,
				D0EB3A422CC9309F00D76DD3 /* Frameworks */,
				D0EB3A432CC9309F00D76DD3 /* Resources */,
			);
			buildRules = (
			);
			dependencies = (
				D0EB3A472CC9309F00D76DD3 /* PBXTargetDependency */,
			);
			name = HootMessengerTests;
			productName = HootMessengerTests;
			productReference = D0EB3A452CC9309F00D76DD3 /* HootMessengerTests.xctest */;
			productType = "com.apple.product-type.bundle.unit-test";
		};
		D0EB3A4E2CC9309F00D76DD3 /* HootMessengerUITests */ = {
			isa = PBXNativeTarget;
			buildConfigurationList = D0EB3A5F2CC9309F00D76DD3 /* Build configuration list for PBXNativeTarget "HootMessengerUITests" */;
			buildPhases = (
				D0EB3A4B2CC9309F00D76DD3 /* Sources */,
				D0EB3A4C2CC9309F00D76DD3 /* Frameworks */,
				D0EB3A4D2CC9309F00D76DD3 /* Resources */,
			);
			buildRules = (
			);
			dependencies = (
				D0EB3A512CC9309F00D76DD3 /* PBXTargetDependency */,
			);
			name = HootMessengerUITests;
			productName = HootMessengerUITests;
			productReference = D0EB3A4F2CC9309F00D76DD3 /* HootMessengerUITests.xctest */;
			productType = "com.apple.product-type.bundle.ui-testing";
		};
/* End PBXNativeTarget section */

/* Begin PBXProject section */
		D0EB3A272CC9309E00D76DD3 /* Project object */ = {
			isa = PBXProject;
			attributes = {
				BuildIndependentTargetsInParallel = 1;
				LastSwiftUpdateCheck = 1540;
				LastUpgradeCheck = 1540;
				TargetAttributes = {
					D0EB3A2E2CC9309E00D76DD3 = {
						CreatedOnToolsVersion = 15.4;
					};
					D0EB3A442CC9309F00D76DD3 = {
						CreatedOnToolsVersion = 15.4;
						TestTargetID = D0EB3A2E2CC9309E00D76DD3;
					};
					D0EB3A4E2CC9309F00D76DD3 = {
						CreatedOnToolsVersion = 15.4;
						TestTargetID = D0EB3A2E2CC9309E00D76DD3;
					};
				};
			};
			buildConfigurationList = D0EB3A2A2CC9309E00D76DD3 /* Build configuration list for PBXProject "HootMessenger" */;
			compatibilityVersion = "Xcode 14.0";
			developmentRegion = en;
			hasScannedForEncodings = 0;
			knownRegions = (
				en,
				Base,
			);
			mainGroup = D0EB3A262CC9309E00D76DD3;
			productRefGroup = D0EB3A302CC9309E00D76DD3 /* Products */;
			projectDirPath = "";
			projectRoot = "";
			targets = (
				D0EB3A2E2CC9309E00D76DD3 /* HootMessenger */,
				D0EB3A442CC9309F00D76DD3 /* HootMessengerTests */,
				D0EB3A4E2CC9309F00D76DD3 /* HootMessengerUITests */,
			);
		};
/* End PBXProject section */

/* Begin PBXResourcesBuildPhase section */
		D0EB3A2D2CC9309E00D76DD3 /* Resources */ = {
			isa = PBXResourcesBuildPhase;
			buildActionMask = 2147483647;
			files = (
				D0EB3A3C2CC9309F00D76DD3 /* Assets.xcassets in Resources */,
				D0EB3A3F2CC9309F00D76DD3 /* Base in Resources */,
			);
			runOnlyForDeploymentPostprocessing = 0;
		};
		D0EB3A432CC9309F00D76DD3 /* Resources */ = {
			isa = PBXResourcesBuildPhase;
			buildActionMask = 2147483647;
			files = (
			);
			runOnlyForDeploymentPostprocessing = 0;
		};
		D0EB3A4D2CC9309F00D76DD3 /* Resources */ = {
			isa = PBXResourcesBuildPhase;
			buildActionMask = 2147483647;
			files = (
			);
			runOnlyForDeploymentPostprocessing = 0;
		};
/* End PBXResourcesBuildPhase section */

/* Begin PBXSourcesBuildPhase section */
		D0EB3A2B2CC9309E00D76DD3 /* Sources */ = {
			isa = PBXSourcesBuildPhase;
			buildActionMask = 2147483647;
			files = (
				D0B146872CC95906003D9711 /* LoginViewController.swift in Sources */,
				D0EB3A372CC9309E00D76DD3 /* ConversationsViewController.swift in Sources */,
				D0B1468A2CC9591B003D9711 /* RegisterViewController.swift in Sources */,
				D0B146902CC95953003D9711 /* VideoPlayerViewController.swift in Sources */,
				D0EB3A332CC9309E00D76DD3 /* AppDelegate.swift in Sources */,
				D0EB3A6D2CC93D4200D76DD3 /* Coordinator.swift in Sources */,
				D0B1468D2CC95938003D9711 /* PhotoViewerViewController.swift in Sources */,
				D0EB3A6B2CC93D1600D76DD3 /* Coordinating.swift in Sources */,
				D0B146922CC95976003D9711 /* NewConversationViewController.swift in Sources */,
				D0EB3A352CC9309E00D76DD3 /* SceneDelegate.swift in Sources */,
			);
			runOnlyForDeploymentPostprocessing = 0;
		};
		D0EB3A412CC9309F00D76DD3 /* Sources */ = {
			isa = PBXSourcesBuildPhase;
			buildActionMask = 2147483647;
			files = (
				D0EB3A4A2CC9309F00D76DD3 /* HootMessengerTests.swift in Sources */,
			);
			runOnlyForDeploymentPostprocessing = 0;
		};
		D0EB3A4B2CC9309F00D76DD3 /* Sources */ = {
			isa = PBXSourcesBuildPhase;
			buildActionMask = 2147483647;
			files = (
				D0EB3A562CC9309F00D76DD3 /* HootMessengerUITestsLaunchTests.swift in Sources */,
				D0EB3A542CC9309F00D76DD3 /* HootMessengerUITests.swift in Sources */,
			);
			runOnlyForDeploymentPostprocessing = 0;
		};
/* End PBXSourcesBuildPhase section */

/* Begin PBXTargetDependency section */
		D0EB3A472CC9309F00D76DD3 /* PBXTargetDependency */ = {
			isa = PBXTargetDependency;
			target = D0EB3A2E2CC9309E00D76DD3 /* HootMessenger */;
			targetProxy = D0EB3A462CC9309F00D76DD3 /* PBXContainerItemProxy */;
		};
		D0EB3A512CC9309F00D76DD3 /* PBXTargetDependency */ = {
			isa = PBXTargetDependency;
			target = D0EB3A2E2CC9309E00D76DD3 /* HootMessenger */;
			targetProxy = D0EB3A502CC9309F00D76DD3 /* PBXContainerItemProxy */;
		};
/* End PBXTargetDependency section */

/* Begin PBXVariantGroup section */
		D0EB3A3D2CC9309F00D76DD3 /* LaunchScreen.storyboard */ = {
			isa = PBXVariantGroup;
			children = (
				D0EB3A3E2CC9309F00D76DD3 /* Base */,
			);
			name = LaunchScreen.storyboard;
			sourceTree = "<group>";
		};
/* End PBXVariantGroup section */

/* Begin XCBuildConfiguration section */
		D0EB3A572CC9309F00D76DD3 /* Debug */ = {
			isa = XCBuildConfiguration;
			buildSettings = {
				ALWAYS_SEARCH_USER_PATHS = NO;
				ASSETCATALOG_COMPILER_GENERATE_SWIFT_ASSET_SYMBOL_EXTENSIONS = YES;
				CLANG_ANALYZER_NONNULL = YES;
				CLANG_ANALYZER_NUMBER_OBJECT_CONVERSION = YES_AGGRESSIVE;
				CLANG_CXX_LANGUAGE_STANDARD = "gnu++20";
				CLANG_ENABLE_MODULES = YES;
				CLANG_ENABLE_OBJC_ARC = YES;
				CLANG_ENABLE_OBJC_WEAK = YES;
				CLANG_WARN_BLOCK_CAPTURE_AUTORELEASING = YES;
				CLANG_WARN_BOOL_CONVERSION = YES;
				CLANG_WARN_COMMA = YES;
				CLANG_WARN_CONSTANT_CONVERSION = YES;
				CLANG_WARN_DEPRECATED_OBJC_IMPLEMENTATIONS = YES;
				CLANG_WARN_DIRECT_OBJC_ISA_USAGE = YES_ERROR;
				CLANG_WARN_DOCUMENTATION_COMMENTS = YES;
				CLANG_WARN_EMPTY_BODY = YES;
				CLANG_WARN_ENUM_CONVERSION = YES;
				CLANG_WARN_INFINITE_RECURSION = YES;
				CLANG_WARN_INT_CONVERSION = YES;
				CLANG_WARN_NON_LITERAL_NULL_CONVERSION = YES;
				CLANG_WARN_OBJC_IMPLICIT_RETAIN_SELF = YES;
				CLANG_WARN_OBJC_LITERAL_CONVERSION = YES;
				CLANG_WARN_OBJC_ROOT_CLASS = YES_ERROR;
				CLANG_WARN_QUOTED_INCLUDE_IN_FRAMEWORK_HEADER = YES;
				CLANG_WARN_RANGE_LOOP_ANALYSIS = YES;
				CLANG_WARN_STRICT_PROTOTYPES = YES;
				CLANG_WARN_SUSPICIOUS_MOVE = YES;
				CLANG_WARN_UNGUARDED_AVAILABILITY = YES_AGGRESSIVE;
				CLANG_WARN_UNREACHABLE_CODE = YES;
				CLANG_WARN__DUPLICATE_METHOD_MATCH = YES;
				COPY_PHASE_STRIP = NO;
				DEBUG_INFORMATION_FORMAT = dwarf;
				ENABLE_STRICT_OBJC_MSGSEND = YES;
				ENABLE_TESTABILITY = YES;
				ENABLE_USER_SCRIPT_SANDBOXING = YES;
				GCC_C_LANGUAGE_STANDARD = gnu17;
				GCC_DYNAMIC_NO_PIC = NO;
				GCC_NO_COMMON_BLOCKS = YES;
				GCC_OPTIMIZATION_LEVEL = 0;
				GCC_PREPROCESSOR_DEFINITIONS = (
					"DEBUG=1",
					"$(inherited)",
				);
				GCC_WARN_64_TO_32_BIT_CONVERSION = YES;
				GCC_WARN_ABOUT_RETURN_TYPE = YES_ERROR;
				GCC_WARN_UNDECLARED_SELECTOR = YES;
				GCC_WARN_UNINITIALIZED_AUTOS = YES_AGGRESSIVE;
				GCC_WARN_UNUSED_FUNCTION = YES;
				GCC_WARN_UNUSED_VARIABLE = YES;
				IPHONEOS_DEPLOYMENT_TARGET = 17.5;
				LOCALIZATION_PREFERS_STRING_CATALOGS = YES;
				MTL_ENABLE_DEBUG_INFO = INCLUDE_SOURCE;
				MTL_FAST_MATH = YES;
				ONLY_ACTIVE_ARCH = YES;
				SDKROOT = iphoneos;
				SWIFT_ACTIVE_COMPILATION_CONDITIONS = "DEBUG $(inherited)";
				SWIFT_OPTIMIZATION_LEVEL = "-Onone";
			};
			name = Debug;
		};
		D0EB3A582CC9309F00D76DD3 /* Release */ = {
			isa = XCBuildConfiguration;
			buildSettings = {
				ALWAYS_SEARCH_USER_PATHS = NO;
				ASSETCATALOG_COMPILER_GENERATE_SWIFT_ASSET_SYMBOL_EXTENSIONS = YES;
				CLANG_ANALYZER_NONNULL = YES;
				CLANG_ANALYZER_NUMBER_OBJECT_CONVERSION = YES_AGGRESSIVE;
				CLANG_CXX_LANGUAGE_STANDARD = "gnu++20";
				CLANG_ENABLE_MODULES = YES;
				CLANG_ENABLE_OBJC_ARC = YES;
				CLANG_ENABLE_OBJC_WEAK = YES;
				CLANG_WARN_BLOCK_CAPTURE_AUTORELEASING = YES;
				CLANG_WARN_BOOL_CONVERSION = YES;
				CLANG_WARN_COMMA = YES;
				CLANG_WARN_CONSTANT_CONVERSION = YES;
				CLANG_WARN_DEPRECATED_OBJC_IMPLEMENTATIONS = YES;
				CLANG_WARN_DIRECT_OBJC_ISA_USAGE = YES_ERROR;
				CLANG_WARN_DOCUMENTATION_COMMENTS = YES;
				CLANG_WARN_EMPTY_BODY = YES;
				CLANG_WARN_ENUM_CONVERSION = YES;
				CLANG_WARN_INFINITE_RECURSION = YES;
				CLANG_WARN_INT_CONVERSION = YES;
				CLANG_WARN_NON_LITERAL_NULL_CONVERSION = YES;
				CLANG_WARN_OBJC_IMPLICIT_RETAIN_SELF = YES;
				CLANG_WARN_OBJC_LITERAL_CONVERSION = YES;
				CLANG_WARN_OBJC_ROOT_CLASS = YES_ERROR;
				CLANG_WARN_QUOTED_INCLUDE_IN_FRAMEWORK_HEADER = YES;
				CLANG_WARN_RANGE_LOOP_ANALYSIS = YES;
				CLANG_WARN_STRICT_PROTOTYPES = YES;
				CLANG_WARN_SUSPICIOUS_MOVE = YES;
				CLANG_WARN_UNGUARDED_AVAILABILITY = YES_AGGRESSIVE;
				CLANG_WARN_UNREACHABLE_CODE = YES;
				CLANG_WARN__DUPLICATE_METHOD_MATCH = YES;
				COPY_PHASE_STRIP = NO;
				DEBUG_INFORMATION_FORMAT = "dwarf-with-dsym";
				ENABLE_NS_ASSERTIONS = NO;
				ENABLE_STRICT_OBJC_MSGSEND = YES;
				ENABLE_USER_SCRIPT_SANDBOXING = YES;
				GCC_C_LANGUAGE_STANDARD = gnu17;
				GCC_NO_COMMON_BLOCKS = YES;
				GCC_WARN_64_TO_32_BIT_CONVERSION = YES;
				GCC_WARN_ABOUT_RETURN_TYPE = YES_ERROR;
				GCC_WARN_UNDECLARED_SELECTOR = YES;
				GCC_WARN_UNINITIALIZED_AUTOS = YES_AGGRESSIVE;
				GCC_WARN_UNUSED_FUNCTION = YES;
				GCC_WARN_UNUSED_VARIABLE = YES;
				IPHONEOS_DEPLOYMENT_TARGET = 17.5;
				LOCALIZATION_PREFERS_STRING_CATALOGS = YES;
				MTL_ENABLE_DEBUG_INFO = NO;
				MTL_FAST_MATH = YES;
				SDKROOT = iphoneos;
				SWIFT_COMPILATION_MODE = wholemodule;
				VALIDATE_PRODUCT = YES;
			};
			name = Release;
		};
		D0EB3A5A2CC9309F00D76DD3 /* Debug */ = {
			isa = XCBuildConfiguration;
			buildSettings = {
				ASSETCATALOG_COMPILER_APPICON_NAME = AppIcon;
				ASSETCATALOG_COMPILER_GLOBAL_ACCENT_COLOR_NAME = AccentColor;
				CODE_SIGN_STYLE = Automatic;
				CURRENT_PROJECT_VERSION = 1;
				GENERATE_INFOPLIST_FILE = YES;
				INFOPLIST_FILE = HootMessenger/Info.plist;
				INFOPLIST_KEY_UIApplicationSupportsIndirectInputEvents = YES;
				INFOPLIST_KEY_UILaunchStoryboardName = LaunchScreen;
				INFOPLIST_KEY_UISupportedInterfaceOrientations = UIInterfaceOrientationPortrait;
				LD_RUNPATH_SEARCH_PATHS = (
					"$(inherited)",
					"@executable_path/Frameworks",
				);
				MARKETING_VERSION = 1.0;
				PRODUCT_BUNDLE_IDENTIFIER = com.nurdinaffandidev.HootMessenger;
				PRODUCT_NAME = "$(TARGET_NAME)";
				SWIFT_EMIT_LOC_STRINGS = YES;
				SWIFT_VERSION = 5.0;
				TARGETED_DEVICE_FAMILY = "1,2";
			};
			name = Debug;
		};
		D0EB3A5B2CC9309F00D76DD3 /* Release */ = {
			isa = XCBuildConfiguration;
			buildSettings = {
				ASSETCATALOG_COMPILER_APPICON_NAME = AppIcon;
				ASSETCATALOG_COMPILER_GLOBAL_ACCENT_COLOR_NAME = AccentColor;
				CODE_SIGN_STYLE = Automatic;
				CURRENT_PROJECT_VERSION = 1;
				GENERATE_INFOPLIST_FILE = YES;
				INFOPLIST_FILE = HootMessenger/Info.plist;
				INFOPLIST_KEY_UIApplicationSupportsIndirectInputEvents = YES;
				INFOPLIST_KEY_UILaunchStoryboardName = LaunchScreen;
				INFOPLIST_KEY_UISupportedInterfaceOrientations = UIInterfaceOrientationPortrait;
				LD_RUNPATH_SEARCH_PATHS = (
					"$(inherited)",
					"@executable_path/Frameworks",
				);
				MARKETING_VERSION = 1.0;
				PRODUCT_BUNDLE_IDENTIFIER = com.nurdinaffandidev.HootMessenger;
				PRODUCT_NAME = "$(TARGET_NAME)";
				SWIFT_EMIT_LOC_STRINGS = YES;
				SWIFT_VERSION = 5.0;
				TARGETED_DEVICE_FAMILY = "1,2";
			};
			name = Release;
		};
		D0EB3A5D2CC9309F00D76DD3 /* Debug */ = {
			isa = XCBuildConfiguration;
			buildSettings = {
				ALWAYS_EMBED_SWIFT_STANDARD_LIBRARIES = YES;
				BUNDLE_LOADER = "$(TEST_HOST)";
				CODE_SIGN_STYLE = Automatic;
				CURRENT_PROJECT_VERSION = 1;
				GENERATE_INFOPLIST_FILE = YES;
				IPHONEOS_DEPLOYMENT_TARGET = 17.5;
				MARKETING_VERSION = 1.0;
				PRODUCT_BUNDLE_IDENTIFIER = com.nurdinaffandidev.HootMessengerTests;
				PRODUCT_NAME = "$(TARGET_NAME)";
				SWIFT_EMIT_LOC_STRINGS = NO;
				SWIFT_VERSION = 5.0;
				TARGETED_DEVICE_FAMILY = "1,2";
				TEST_HOST = "$(BUILT_PRODUCTS_DIR)/HootMessenger.app/$(BUNDLE_EXECUTABLE_FOLDER_PATH)/HootMessenger";
			};
			name = Debug;
		};
		D0EB3A5E2CC9309F00D76DD3 /* Release */ = {
			isa = XCBuildConfiguration;
			buildSettings = {
				ALWAYS_EMBED_SWIFT_STANDARD_LIBRARIES = YES;
				BUNDLE_LOADER = "$(TEST_HOST)";
				CODE_SIGN_STYLE = Automatic;
				CURRENT_PROJECT_VERSION = 1;
				GENERATE_INFOPLIST_FILE = YES;
				IPHONEOS_DEPLOYMENT_TARGET = 17.5;
				MARKETING_VERSION = 1.0;
				PRODUCT_BUNDLE_IDENTIFIER = com.nurdinaffandidev.HootMessengerTests;
				PRODUCT_NAME = "$(TARGET_NAME)";
				SWIFT_EMIT_LOC_STRINGS = NO;
				SWIFT_VERSION = 5.0;
				TARGETED_DEVICE_FAMILY = "1,2";
				TEST_HOST = "$(BUILT_PRODUCTS_DIR)/HootMessenger.app/$(BUNDLE_EXECUTABLE_FOLDER_PATH)/HootMessenger";
			};
			name = Release;
		};
		D0EB3A602CC9309F00D76DD3 /* Debug */ = {
			isa = XCBuildConfiguration;
			buildSettings = {
				ALWAYS_EMBED_SWIFT_STANDARD_LIBRARIES = YES;
				CODE_SIGN_STYLE = Automatic;
				CURRENT_PROJECT_VERSION = 1;
				GENERATE_INFOPLIST_FILE = YES;
				MARKETING_VERSION = 1.0;
				PRODUCT_BUNDLE_IDENTIFIER = com.nurdinaffandidev.HootMessengerUITests;
				PRODUCT_NAME = "$(TARGET_NAME)";
				SWIFT_EMIT_LOC_STRINGS = NO;
				SWIFT_VERSION = 5.0;
				TARGETED_DEVICE_FAMILY = "1,2";
				TEST_TARGET_NAME = HootMessenger;
			};
			name = Debug;
		};
		D0EB3A612CC9309F00D76DD3 /* Release */ = {
			isa = XCBuildConfiguration;
			buildSettings = {
				ALWAYS_EMBED_SWIFT_STANDARD_LIBRARIES = YES;
				CODE_SIGN_STYLE = Automatic;
				CURRENT_PROJECT_VERSION = 1;
				GENERATE_INFOPLIST_FILE = YES;
				MARKETING_VERSION = 1.0;
				PRODUCT_BUNDLE_IDENTIFIER = com.nurdinaffandidev.HootMessengerUITests;
				PRODUCT_NAME = "$(TARGET_NAME)";
				SWIFT_EMIT_LOC_STRINGS = NO;
				SWIFT_VERSION = 5.0;
				TARGETED_DEVICE_FAMILY = "1,2";
				TEST_TARGET_NAME = HootMessenger;
			};
			name = Release;
		};
/* End XCBuildConfiguration section */

/* Begin XCConfigurationList section */
		D0EB3A2A2CC9309E00D76DD3 /* Build configuration list for PBXProject "HootMessenger" */ = {
			isa = XCConfigurationList;
			buildConfigurations = (
				D0EB3A572CC9309F00D76DD3 /* Debug */,
				D0EB3A582CC9309F00D76DD3 /* Release */,
			);
			defaultConfigurationIsVisible = 0;
			defaultConfigurationName = Release;
		};
		D0EB3A592CC9309F00D76DD3 /* Build configuration list for PBXNativeTarget "HootMessenger" */ = {
			isa = XCConfigurationList;
			buildConfigurations = (
				D0EB3A5A2CC9309F00D76DD3 /* Debug */,
				D0EB3A5B2CC9309F00D76DD3 /* Release */,
			);
			defaultConfigurationIsVisible = 0;
			defaultConfigurationName = Release;
		};
		D0EB3A5C2CC9309F00D76DD3 /* Build configuration list for PBXNativeTarget "HootMessengerTests" */ = {
			isa = XCConfigurationList;
			buildConfigurations = (
				D0EB3A5D2CC9309F00D76DD3 /* Debug */,
				D0EB3A5E2CC9309F00D76DD3 /* Release */,
			);
			defaultConfigurationIsVisible = 0;
			defaultConfigurationName = Release;
		};
		D0EB3A5F2CC9309F00D76DD3 /* Build configuration list for PBXNativeTarget "HootMessengerUITests" */ = {
			isa = XCConfigurationList;
			buildConfigurations = (
				D0EB3A602CC9309F00D76DD3 /* Debug */,
				D0EB3A612CC9309F00D76DD3 /* Release */,
			);
			defaultConfigurationIsVisible = 0;
			defaultConfigurationName = Release;
		};
/* End XCConfigurationList section */
	};
	rootObject = D0EB3A272CC9309E00D76DD3 /* Project object */;
}
