// !$*UTF8*$!
{
	archiveVersion = 1;
	classes = {
	};
	objectVersion = 56;
	objects = {

/* Begin PBXBuildFile section */
		437A4B568C46C4821CE3364C /* Pods_HootMessenger.framework in Frameworks */ = {isa = PBXBuildFile; fileRef = E069EB26CB07D36BF456C175 /* Pods_HootMessenger.framework */; };
		D04892A32CCCA7C000D7A12B /* LoginViewModel.swift in Sources */ = {isa = PBXBuildFile; fileRef = D04892A22CCCA7C000D7A12B /* LoginViewModel.swift */; };
		D04892A62CCCAC8500D7A12B /* NavigationCoordinator.swift in Sources */ = {isa = PBXBuildFile; fileRef = D04892A52CCCAC8500D7A12B /* NavigationCoordinator.swift */; };
		D04892A82CCCAC9100D7A12B /* NavigationCoordinating.swift in Sources */ = {isa = PBXBuildFile; fileRef = D04892A72CCCAC9100D7A12B /* NavigationCoordinating.swift */; };
		D054BB2A2CD12A5B002B054D /* RegisterViewModel.swift in Sources */ = {isa = PBXBuildFile; fileRef = D054BB292CD12A5B002B054D /* RegisterViewModel.swift */; };
		D054BB2D2CD12B61002B054D /* ChatAppUser.swift in Sources */ = {isa = PBXBuildFile; fileRef = D054BB2C2CD12B61002B054D /* ChatAppUser.swift */; };
		D054BB392CD32257002B054D /* BaseViewController.swift in Sources */ = {isa = PBXBuildFile; fileRef = D054BB2F2CD32257002B054D /* BaseViewController.swift */; };
		D054BB3A2CD32257002B054D /* FillMainContentViewController.swift in Sources */ = {isa = PBXBuildFile; fileRef = D054BB302CD32257002B054D /* FillMainContentViewController.swift */; };
		D054BB3B2CD32257002B054D /* BaseLayout.swift in Sources */ = {isa = PBXBuildFile; fileRef = D054BB322CD32257002B054D /* BaseLayout.swift */; };
		D054BB3C2CD32257002B054D /* FillMainContentLayout.swift in Sources */ = {isa = PBXBuildFile; fileRef = D054BB332CD32257002B054D /* FillMainContentLayout.swift */; };
		D054BB3D2CD32257002B054D /* Layout.swift in Sources */ = {isa = PBXBuildFile; fileRef = D054BB342CD32257002B054D /* Layout.swift */; };
		D054BB3E2CD32257002B054D /* ViewControllerLayoutable.swift in Sources */ = {isa = PBXBuildFile; fileRef = D054BB352CD32257002B054D /* ViewControllerLayoutable.swift */; };
		D054BB3F2CD32257002B054D /* ViewControllerProtocol.swift in Sources */ = {isa = PBXBuildFile; fileRef = D054BB362CD32257002B054D /* ViewControllerProtocol.swift */; };
		D05AD1A32CD7A8A70075AA44 /* ConversationsViewModel.swift in Sources */ = {isa = PBXBuildFile; fileRef = D05AD1A22CD7A8A70075AA44 /* ConversationsViewModel.swift */; };
		D05AD1A52CD905CB0075AA44 /* APIService.swift in Sources */ = {isa = PBXBuildFile; fileRef = D05AD1A42CD905CB0075AA44 /* APIService.swift */; };
		D05AD1A72CD907000075AA44 /* APIServicing.swift in Sources */ = {isa = PBXBuildFile; fileRef = D05AD1A62CD907000075AA44 /* APIServicing.swift */; };
		D05AD1AA2CDBAE980075AA44 /* BaseTabBarController.swift in Sources */ = {isa = PBXBuildFile; fileRef = D05AD1A92CDBAE980075AA44 /* BaseTabBarController.swift */; };
		D05AD1AC2CDBAEB60075AA44 /* BaseTabBarViewModel.swift in Sources */ = {isa = PBXBuildFile; fileRef = D05AD1AB2CDBAEB60075AA44 /* BaseTabBarViewModel.swift */; };
		D05AD1AE2CDBB0540075AA44 /* OverlayLabel.swift in Sources */ = {isa = PBXBuildFile; fileRef = D05AD1AD2CDBB0540075AA44 /* OverlayLabel.swift */; };
		D05AD1B12CDC8D110075AA44 /* ProfileViewController.swift in Sources */ = {isa = PBXBuildFile; fileRef = D05AD1B02CDC8D110075AA44 /* ProfileViewController.swift */; };
		D05AD1B32CDCC20C0075AA44 /* ProfileViewModel.swift in Sources */ = {isa = PBXBuildFile; fileRef = D05AD1B22CDCC20C0075AA44 /* ProfileViewModel.swift */; };
		D05AD1B52CDE78C20075AA44 /* ProfileTableViewCellModel.swift in Sources */ = {isa = PBXBuildFile; fileRef = D05AD1B42CDE78C20075AA44 /* ProfileTableViewCellModel.swift */; };
		D05AD1B92CE23FEF0075AA44 /* GoogleService-Info.plist in Resources */ = {isa = PBXBuildFile; fileRef = D05AD1B82CE23FEF0075AA44 /* GoogleService-Info.plist */; };
		D073F2A02CE8859100A461A6 /* ChatViewController.swift in Sources */ = {isa = PBXBuildFile; fileRef = D073F29F2CE8859100A461A6 /* ChatViewController.swift */; };
		D073F2A22CE8859900A461A6 /* ChatViewModel.swift in Sources */ = {isa = PBXBuildFile; fileRef = D073F2A12CE8859900A461A6 /* ChatViewModel.swift */; };
		D0855ADB2CCCCE9A00F39D94 /* SnapKit in Frameworks */ = {isa = PBXBuildFile; productRef = D0855ADA2CCCCE9A00F39D94 /* SnapKit */; };
		D0855ADD2CCCD11800F39D94 /* Extension++.swift in Sources */ = {isa = PBXBuildFile; fileRef = D0855ADC2CCCD11800F39D94 /* Extension++.swift */; };
		D0AE48242CE387BB00E3D34F /* PageDivider.swift in Sources */ = {isa = PBXBuildFile; fileRef = D0AE48232CE387BB00E3D34F /* PageDivider.swift */; };
		D0B146872CC95906003D9711 /* LoginViewController.swift in Sources */ = {isa = PBXBuildFile; fileRef = D0B146862CC95906003D9711 /* LoginViewController.swift */; };
		D0B1468A2CC9591B003D9711 /* RegisterViewController.swift in Sources */ = {isa = PBXBuildFile; fileRef = D0B146892CC9591B003D9711 /* RegisterViewController.swift */; };
		D0B1468D2CC95938003D9711 /* PhotoViewerViewController.swift in Sources */ = {isa = PBXBuildFile; fileRef = D0B1468C2CC95938003D9711 /* PhotoViewerViewController.swift */; };
		D0B146902CC95953003D9711 /* VideoPlayerViewController.swift in Sources */ = {isa = PBXBuildFile; fileRef = D0B1468F2CC95953003D9711 /* VideoPlayerViewController.swift */; };
		D0B146922CC95976003D9711 /* NewConversationViewController.swift in Sources */ = {isa = PBXBuildFile; fileRef = D0B146912CC95976003D9711 /* NewConversationViewController.swift */; };
		D0C913EF2CEC218100A4E0CE /* NewConversationsViewModel.swift in Sources */ = {isa = PBXBuildFile; fileRef = D0C913EE2CEC218100A4E0CE /* NewConversationsViewModel.swift */; };
		D0C913F22CF0CAE800A4E0CE /* StorageManager.swift in Sources */ = {isa = PBXBuildFile; fileRef = D0C913F12CF0CAE800A4E0CE /* StorageManager.swift */; };
		D0C913F42CF599ED00A4E0CE /* CommonUtils.swift in Sources */ = {isa = PBXBuildFile; fileRef = D0C913F32CF599ED00A4E0CE /* CommonUtils.swift */; };
		D0C913F62D01DF9C00A4E0CE /* APIService+GoogleSignIn.swift in Sources */ = {isa = PBXBuildFile; fileRef = D0C913F52D01DF9C00A4E0CE /* APIService+GoogleSignIn.swift */; };
		D0C913F82D01E00100A4E0CE /* APIService+Storage.swift in Sources */ = {isa = PBXBuildFile; fileRef = D0C913F72D01E00100A4E0CE /* APIService+Storage.swift */; };
		D0EB3A332CC9309E00D76DD3 /* AppDelegate.swift in Sources */ = {isa = PBXBuildFile; fileRef = D0EB3A322CC9309E00D76DD3 /* AppDelegate.swift */; };
		D0EB3A352CC9309E00D76DD3 /* SceneDelegate.swift in Sources */ = {isa = PBXBuildFile; fileRef = D0EB3A342CC9309E00D76DD3 /* SceneDelegate.swift */; };
		D0EB3A372CC9309E00D76DD3 /* ConversationsViewController.swift in Sources */ = {isa = PBXBuildFile; fileRef = D0EB3A362CC9309E00D76DD3 /* ConversationsViewController.swift */; };
		D0EB3A3C2CC9309F00D76DD3 /* Assets.xcassets in Resources */ = {isa = PBXBuildFile; fileRef = D0EB3A3B2CC9309F00D76DD3 /* Assets.xcassets */; };
		D0EB3A3F2CC9309F00D76DD3 /* Base in Resources */ = {isa = PBXBuildFile; fileRef = D0EB3A3E2CC9309F00D76DD3 /* Base */; };
		D0EB3A4A2CC9309F00D76DD3 /* HootMessengerTests.swift in Sources */ = {isa = PBXBuildFile; fileRef = D0EB3A492CC9309F00D76DD3 /* HootMessengerTests.swift */; };
		D0EB3A542CC9309F00D76DD3 /* HootMessengerUITests.swift in Sources */ = {isa = PBXBuildFile; fileRef = D0EB3A532CC9309F00D76DD3 /* HootMessengerUITests.swift */; };
		D0EB3A562CC9309F00D76DD3 /* HootMessengerUITestsLaunchTests.swift in Sources */ = {isa = PBXBuildFile; fileRef = D0EB3A552CC9309F00D76DD3 /* HootMessengerUITestsLaunchTests.swift */; };
		D0EB3A6B2CC93D1600D76DD3 /* Coordinating.swift in Sources */ = {isa = PBXBuildFile; fileRef = D0EB3A6A2CC93D1600D76DD3 /* Coordinating.swift */; };
		D0EB3A6D2CC93D4200D76DD3 /* Coordinator.swift in Sources */ = {isa = PBXBuildFile; fileRef = D0EB3A6C2CC93D4200D76DD3 /* Coordinator.swift */; };
		D0FC6BE02CD5E77B006204A5 /* IQKeyboardManagerSwift in Frameworks */ = {isa = PBXBuildFile; productRef = D0FC6BDF2CD5E77B006204A5 /* IQKeyboardManagerSwift */; };
/* End PBXBuildFile section */

/* Begin PBXContainerItemProxy section */
		D0EB3A462CC9309F00D76DD3 /* PBXContainerItemProxy */ = {
			isa = PBXContainerItemProxy;
			containerPortal = D0EB3A272CC9309E00D76DD3 /* Project object */;
			proxyType = 1;
			remoteGlobalIDString = D0EB3A2E2CC9309E00D76DD3;
			remoteInfo = HootMessenger;
		};
		D0EB3A502CC9309F00D76DD3 /* PBXContainerItemProxy */ = {
			isa = PBXContainerItemProxy;
			containerPortal = D0EB3A272CC9309E00D76DD3 /* Project object */;
			proxyType = 1;
			remoteGlobalIDString = D0EB3A2E2CC9309E00D76DD3;
			remoteInfo = HootMessenger;
		};
/* End PBXContainerItemProxy section */

/* Begin PBXCopyFilesBuildPhase section */
		D054FC6A2CCCCA8B00AF1395 /* Embed Frameworks */ = {
			isa = PBXCopyFilesBuildPhase;
			buildActionMask = 2147483647;
			dstPath = "";
			dstSubfolderSpec = 10;
			files = (
			);
			name = "Embed Frameworks";
			runOnlyForDeploymentPostprocessing = 0;
		};
/* End PBXCopyFilesBuildPhase section */

/* Begin PBXFileReference section */
		3CC8EC5D4F7B113D1094863A /* Pods-HootMessenger.release.xcconfig */ = {isa = PBXFileReference; includeInIndex = 1; lastKnownFileType = text.xcconfig; name = "Pods-HootMessenger.release.xcconfig"; path = "Target Support Files/Pods-HootMessenger/Pods-HootMessenger.release.xcconfig"; sourceTree = "<group>"; };
		D04892A22CCCA7C000D7A12B /* LoginViewModel.swift */ = {isa = PBXFileReference; lastKnownFileType = sourcecode.swift; path = LoginViewModel.swift; sourceTree = "<group>"; };
		D04892A52CCCAC8500D7A12B /* NavigationCoordinator.swift */ = {isa = PBXFileReference; lastKnownFileType = sourcecode.swift; path = NavigationCoordinator.swift; sourceTree = "<group>"; };
		D04892A72CCCAC9100D7A12B /* NavigationCoordinating.swift */ = {isa = PBXFileReference; lastKnownFileType = sourcecode.swift; path = NavigationCoordinating.swift; sourceTree = "<group>"; };
		D054BB292CD12A5B002B054D /* RegisterViewModel.swift */ = {isa = PBXFileReference; lastKnownFileType = sourcecode.swift; path = RegisterViewModel.swift; sourceTree = "<group>"; };
		D054BB2C2CD12B61002B054D /* ChatAppUser.swift */ = {isa = PBXFileReference; lastKnownFileType = sourcecode.swift; path = ChatAppUser.swift; sourceTree = "<group>"; };
		D054BB2F2CD32257002B054D /* BaseViewController.swift */ = {isa = PBXFileReference; fileEncoding = 4; lastKnownFileType = sourcecode.swift; path = BaseViewController.swift; sourceTree = "<group>"; };
		D054BB302CD32257002B054D /* FillMainContentViewController.swift */ = {isa = PBXFileReference; fileEncoding = 4; lastKnownFileType = sourcecode.swift; path = FillMainContentViewController.swift; sourceTree = "<group>"; };
		D054BB322CD32257002B054D /* BaseLayout.swift */ = {isa = PBXFileReference; fileEncoding = 4; lastKnownFileType = sourcecode.swift; path = BaseLayout.swift; sourceTree = "<group>"; };
		D054BB332CD32257002B054D /* FillMainContentLayout.swift */ = {isa = PBXFileReference; fileEncoding = 4; lastKnownFileType = sourcecode.swift; path = FillMainContentLayout.swift; sourceTree = "<group>"; };
		D054BB342CD32257002B054D /* Layout.swift */ = {isa = PBXFileReference; fileEncoding = 4; lastKnownFileType = sourcecode.swift; path = Layout.swift; sourceTree = "<group>"; };
		D054BB352CD32257002B054D /* ViewControllerLayoutable.swift */ = {isa = PBXFileReference; fileEncoding = 4; lastKnownFileType = sourcecode.swift; path = ViewControllerLayoutable.swift; sourceTree = "<group>"; };
		D054BB362CD32257002B054D /* ViewControllerProtocol.swift */ = {isa = PBXFileReference; fileEncoding = 4; lastKnownFileType = sourcecode.swift; path = ViewControllerProtocol.swift; sourceTree = "<group>"; };
		D05AD1A22CD7A8A70075AA44 /* ConversationsViewModel.swift */ = {isa = PBXFileReference; lastKnownFileType = sourcecode.swift; path = ConversationsViewModel.swift; sourceTree = "<group>"; };
		D05AD1A42CD905CB0075AA44 /* APIService.swift */ = {isa = PBXFileReference; lastKnownFileType = sourcecode.swift; path = APIService.swift; sourceTree = "<group>"; };
		D05AD1A62CD907000075AA44 /* APIServicing.swift */ = {isa = PBXFileReference; lastKnownFileType = sourcecode.swift; path = APIServicing.swift; sourceTree = "<group>"; };
		D05AD1A92CDBAE980075AA44 /* BaseTabBarController.swift */ = {isa = PBXFileReference; lastKnownFileType = sourcecode.swift; path = BaseTabBarController.swift; sourceTree = "<group>"; };
		D05AD1AB2CDBAEB60075AA44 /* BaseTabBarViewModel.swift */ = {isa = PBXFileReference; lastKnownFileType = sourcecode.swift; path = BaseTabBarViewModel.swift; sourceTree = "<group>"; };
		D05AD1AD2CDBB0540075AA44 /* OverlayLabel.swift */ = {isa = PBXFileReference; lastKnownFileType = sourcecode.swift; path = OverlayLabel.swift; sourceTree = "<group>"; };
		D05AD1B02CDC8D110075AA44 /* ProfileViewController.swift */ = {isa = PBXFileReference; lastKnownFileType = sourcecode.swift; path = ProfileViewController.swift; sourceTree = "<group>"; };
		D05AD1B22CDCC20C0075AA44 /* ProfileViewModel.swift */ = {isa = PBXFileReference; lastKnownFileType = sourcecode.swift; path = ProfileViewModel.swift; sourceTree = "<group>"; };
		D05AD1B42CDE78C20075AA44 /* ProfileTableViewCellModel.swift */ = {isa = PBXFileReference; lastKnownFileType = sourcecode.swift; path = ProfileTableViewCellModel.swift; sourceTree = "<group>"; };
		D05AD1B82CE23FEF0075AA44 /* GoogleService-Info.plist */ = {isa = PBXFileReference; fileEncoding = 4; lastKnownFileType = text.plist.xml; name = "GoogleService-Info.plist"; path = "../../../../Downloads/GoogleService-Info.plist"; sourceTree = "<group>"; };
		D073F29F2CE8859100A461A6 /* ChatViewController.swift */ = {isa = PBXFileReference; lastKnownFileType = sourcecode.swift; path = ChatViewController.swift; sourceTree = "<group>"; };
		D073F2A12CE8859900A461A6 /* ChatViewModel.swift */ = {isa = PBXFileReference; lastKnownFileType = sourcecode.swift; path = ChatViewModel.swift; sourceTree = "<group>"; };
		D0855AD12CCCCC6F00F39D94 /* HootMessenger.app */ = {isa = PBXFileReference; explicitFileType = wrapper.application; includeInIndex = 0; path = HootMessenger.app; sourceTree = BUILT_PRODUCTS_DIR; };
		D0855AD22CCCCC6F00F39D94 /* HootMessengerTests.xctest */ = {isa = PBXFileReference; explicitFileType = wrapper.cfbundle; includeInIndex = 0; path = HootMessengerTests.xctest; sourceTree = BUILT_PRODUCTS_DIR; };
		D0855AD32CCCCC6F00F39D94 /* HootMessengerUITests.xctest */ = {isa = PBXFileReference; explicitFileType = wrapper.cfbundle; includeInIndex = 0; path = HootMessengerUITests.xctest; sourceTree = BUILT_PRODUCTS_DIR; };
		D0855ADC2CCCD11800F39D94 /* Extension++.swift */ = {isa = PBXFileReference; lastKnownFileType = sourcecode.swift; path = "Extension++.swift"; sourceTree = "<group>"; };
		D0AE48232CE387BB00E3D34F /* PageDivider.swift */ = {isa = PBXFileReference; lastKnownFileType = sourcecode.swift; path = PageDivider.swift; sourceTree = "<group>"; };
		D0B146862CC95906003D9711 /* LoginViewController.swift */ = {isa = PBXFileReference; lastKnownFileType = sourcecode.swift; path = LoginViewController.swift; sourceTree = "<group>"; };
		D0B146892CC9591B003D9711 /* RegisterViewController.swift */ = {isa = PBXFileReference; lastKnownFileType = sourcecode.swift; path = RegisterViewController.swift; sourceTree = "<group>"; };
		D0B1468C2CC95938003D9711 /* PhotoViewerViewController.swift */ = {isa = PBXFileReference; lastKnownFileType = sourcecode.swift; path = PhotoViewerViewController.swift; sourceTree = "<group>"; };
		D0B1468F2CC95953003D9711 /* VideoPlayerViewController.swift */ = {isa = PBXFileReference; lastKnownFileType = sourcecode.swift; path = VideoPlayerViewController.swift; sourceTree = "<group>"; };
		D0B146912CC95976003D9711 /* NewConversationViewController.swift */ = {isa = PBXFileReference; lastKnownFileType = sourcecode.swift; path = NewConversationViewController.swift; sourceTree = "<group>"; };
		D0C913EE2CEC218100A4E0CE /* NewConversationsViewModel.swift */ = {isa = PBXFileReference; lastKnownFileType = sourcecode.swift; path = NewConversationsViewModel.swift; sourceTree = "<group>"; };
		D0C913F12CF0CAE800A4E0CE /* StorageManager.swift */ = {isa = PBXFileReference; lastKnownFileType = sourcecode.swift; path = StorageManager.swift; sourceTree = "<group>"; };
		D0C913F32CF599ED00A4E0CE /* CommonUtils.swift */ = {isa = PBXFileReference; lastKnownFileType = sourcecode.swift; path = CommonUtils.swift; sourceTree = "<group>"; };
		D0C913F52D01DF9C00A4E0CE /* APIService+GoogleSignIn.swift */ = {isa = PBXFileReference; lastKnownFileType = sourcecode.swift; path = "APIService+GoogleSignIn.swift"; sourceTree = "<group>"; };
		D0C913F72D01E00100A4E0CE /* APIService+Storage.swift */ = {isa = PBXFileReference; lastKnownFileType = sourcecode.swift; path = "APIService+Storage.swift"; sourceTree = "<group>"; };
		D0EB3A322CC9309E00D76DD3 /* AppDelegate.swift */ = {isa = PBXFileReference; lastKnownFileType = sourcecode.swift; path = AppDelegate.swift; sourceTree = "<group>"; };
		D0EB3A342CC9309E00D76DD3 /* SceneDelegate.swift */ = {isa = PBXFileReference; lastKnownFileType = sourcecode.swift; path = SceneDelegate.swift; sourceTree = "<group>"; };
		D0EB3A362CC9309E00D76DD3 /* ConversationsViewController.swift */ = {isa = PBXFileReference; lastKnownFileType = sourcecode.swift; path = ConversationsViewController.swift; sourceTree = "<group>"; };
		D0EB3A3B2CC9309F00D76DD3 /* Assets.xcassets */ = {isa = PBXFileReference; lastKnownFileType = folder.assetcatalog; path = Assets.xcassets; sourceTree = "<group>"; };
		D0EB3A3E2CC9309F00D76DD3 /* Base */ = {isa = PBXFileReference; lastKnownFileType = file.storyboard; name = Base; path = Base.lproj/LaunchScreen.storyboard; sourceTree = "<group>"; };
		D0EB3A402CC9309F00D76DD3 /* Info.plist */ = {isa = PBXFileReference; lastKnownFileType = text.plist.xml; path = Info.plist; sourceTree = "<group>"; };
		D0EB3A492CC9309F00D76DD3 /* HootMessengerTests.swift */ = {isa = PBXFileReference; lastKnownFileType = sourcecode.swift; path = HootMessengerTests.swift; sourceTree = "<group>"; };
		D0EB3A532CC9309F00D76DD3 /* HootMessengerUITests.swift */ = {isa = PBXFileReference; lastKnownFileType = sourcecode.swift; path = HootMessengerUITests.swift; sourceTree = "<group>"; };
		D0EB3A552CC9309F00D76DD3 /* HootMessengerUITestsLaunchTests.swift */ = {isa = PBXFileReference; lastKnownFileType = sourcecode.swift; path = HootMessengerUITestsLaunchTests.swift; sourceTree = "<group>"; };
		D0EB3A6A2CC93D1600D76DD3 /* Coordinating.swift */ = {isa = PBXFileReference; lastKnownFileType = sourcecode.swift; path = Coordinating.swift; sourceTree = "<group>"; };
		D0EB3A6C2CC93D4200D76DD3 /* Coordinator.swift */ = {isa = PBXFileReference; lastKnownFileType = sourcecode.swift; path = Coordinator.swift; sourceTree = "<group>"; };
		D2FD20CF13F78938E956F54B /* Pods-HootMessenger.debug.xcconfig */ = {isa = PBXFileReference; includeInIndex = 1; lastKnownFileType = text.xcconfig; name = "Pods-HootMessenger.debug.xcconfig"; path = "Target Support Files/Pods-HootMessenger/Pods-HootMessenger.debug.xcconfig"; sourceTree = "<group>"; };
		E069EB26CB07D36BF456C175 /* Pods_HootMessenger.framework */ = {isa = PBXFileReference; explicitFileType = wrapper.framework; includeInIndex = 0; path = Pods_HootMessenger.framework; sourceTree = BUILT_PRODUCTS_DIR; };
/* End PBXFileReference section */

/* Begin PBXFrameworksBuildPhase section */
		D0EB3A2C2CC9309E00D76DD3 /* Frameworks */ = {
			isa = PBXFrameworksBuildPhase;
			buildActionMask = 2147483647;
			files = (
				437A4B568C46C4821CE3364C /* Pods_HootMessenger.framework in Frameworks */,
				D0855ADB2CCCCE9A00F39D94 /* SnapKit in Frameworks */,
				D0FC6BE02CD5E77B006204A5 /* IQKeyboardManagerSwift in Frameworks */,
			);
			runOnlyForDeploymentPostprocessing = 0;
		};
		D0EB3A422CC9309F00D76DD3 /* Frameworks */ = {
			isa = PBXFrameworksBuildPhase;
			buildActionMask = 2147483647;
			files = (
			);
			runOnlyForDeploymentPostprocessing = 0;
		};
		D0EB3A4C2CC9309F00D76DD3 /* Frameworks */ = {
			isa = PBXFrameworksBuildPhase;
			buildActionMask = 2147483647;
			files = (
			);
			runOnlyForDeploymentPostprocessing = 0;
		};
/* End PBXFrameworksBuildPhase section */

/* Begin PBXGroup section */
		126CF84AB0EA73F906904A2C /* Frameworks */ = {
			isa = PBXGroup;
			children = (
				E069EB26CB07D36BF456C175 /* Pods_HootMessenger.framework */,
			);
			name = Frameworks;
			sourceTree = "<group>";
		};
		B06400EA8867E85B0C37A986 /* Pods */ = {
			isa = PBXGroup;
			children = (
				D2FD20CF13F78938E956F54B /* Pods-HootMessenger.debug.xcconfig */,
				3CC8EC5D4F7B113D1094863A /* Pods-HootMessenger.release.xcconfig */,
			);
			path = Pods;
			sourceTree = "<group>";
		};
		D04892A42CCCAC3200D7A12B /* NavigationCoordinator */ = {
			isa = PBXGroup;
			children = (
				D04892A52CCCAC8500D7A12B /* NavigationCoordinator.swift */,
				D04892A72CCCAC9100D7A12B /* NavigationCoordinating.swift */,
			);
			path = NavigationCoordinator;
			sourceTree = "<group>";
		};
		D054BB2B2CD12B2F002B054D /* Model */ = {
			isa = PBXGroup;
			children = (
				D054BB2C2CD12B61002B054D /* ChatAppUser.swift */,
			);
			path = Model;
			sourceTree = "<group>";
		};
		D054BB2E2CD3220F002B054D /* Components */ = {
			isa = PBXGroup;
			children = (
				D054BB382CD32257002B054D /* BaseViewController */,
				D05AD1AD2CDBB0540075AA44 /* OverlayLabel.swift */,
				D0AE48232CE387BB00E3D34F /* PageDivider.swift */,
			);
			path = Components;
			sourceTree = "<group>";
		};
		D054BB312CD32257002B054D /* Base */ = {
			isa = PBXGroup;
			children = (
				D054BB2F2CD32257002B054D /* BaseViewController.swift */,
				D054BB302CD32257002B054D /* FillMainContentViewController.swift */,
			);
			path = Base;
			sourceTree = "<group>";
		};
		D054BB372CD32257002B054D /* Layouts */ = {
			isa = PBXGroup;
			children = (
				D054BB322CD32257002B054D /* BaseLayout.swift */,
				D054BB332CD32257002B054D /* FillMainContentLayout.swift */,
				D054BB342CD32257002B054D /* Layout.swift */,
				D054BB352CD32257002B054D /* ViewControllerLayoutable.swift */,
				D054BB362CD32257002B054D /* ViewControllerProtocol.swift */,
			);
			path = Layouts;
			sourceTree = "<group>";
		};
		D054BB382CD32257002B054D /* BaseViewController */ = {
			isa = PBXGroup;
			children = (
				D054BB312CD32257002B054D /* Base */,
				D054BB372CD32257002B054D /* Layouts */,
			);
			path = BaseViewController;
			sourceTree = "<group>";
		};
		D05AD1A82CDBAE7F0075AA44 /* BaseTabBar */ = {
			isa = PBXGroup;
			children = (
				D05AD1A92CDBAE980075AA44 /* BaseTabBarController.swift */,
				D05AD1AB2CDBAEB60075AA44 /* BaseTabBarViewModel.swift */,
			);
			path = BaseTabBar;
			sourceTree = "<group>";
		};
		D05AD1AF2CDC8D060075AA44 /* Profile */ = {
			isa = PBXGroup;
			children = (
				D05AD1B02CDC8D110075AA44 /* ProfileViewController.swift */,
				D05AD1B22CDCC20C0075AA44 /* ProfileViewModel.swift */,
				D05AD1B42CDE78C20075AA44 /* ProfileTableViewCellModel.swift */,
			);
			path = Profile;
			sourceTree = "<group>";
		};
		D073F29E2CE8857C00A461A6 /* Chat */ = {
			isa = PBXGroup;
			children = (
				D073F29F2CE8859100A461A6 /* ChatViewController.swift */,
				D073F2A12CE8859900A461A6 /* ChatViewModel.swift */,
			);
			path = Chat;
			sourceTree = "<group>";
		};
		D0B146842CC958E2003D9711 /* Conversations */ = {
			isa = PBXGroup;
			children = (
				D0C913ED2CEC216B00A4E0CE /* NewConversations */,
				D0EB3A362CC9309E00D76DD3 /* ConversationsViewController.swift */,
				D05AD1A22CD7A8A70075AA44 /* ConversationsViewModel.swift */,
			);
			path = Conversations;
			sourceTree = "<group>";
		};
		D0B146852CC958F7003D9711 /* Login */ = {
			isa = PBXGroup;
			children = (
				D0B146862CC95906003D9711 /* LoginViewController.swift */,
				D04892A22CCCA7C000D7A12B /* LoginViewModel.swift */,
			);
			path = Login;
			sourceTree = "<group>";
		};
		D0B146882CC9590E003D9711 /* Register */ = {
			isa = PBXGroup;
			children = (
				D0B146892CC9591B003D9711 /* RegisterViewController.swift */,
				D054BB292CD12A5B002B054D /* RegisterViewModel.swift */,
			);
			path = Register;
			sourceTree = "<group>";
		};
		D0B1468B2CC95922003D9711 /* PhotoViewer */ = {
			isa = PBXGroup;
			children = (
				D0B1468C2CC95938003D9711 /* PhotoViewerViewController.swift */,
			);
			path = PhotoViewer;
			sourceTree = "<group>";
		};
		D0B1468E2CC9593F003D9711 /* VideoPlayer */ = {
			isa = PBXGroup;
			children = (
				D0B1468F2CC95953003D9711 /* VideoPlayerViewController.swift */,
			);
			path = VideoPlayer;
			sourceTree = "<group>";
		};
		D0C913ED2CEC216B00A4E0CE /* NewConversations */ = {
			isa = PBXGroup;
			children = (
				D0B146912CC95976003D9711 /* NewConversationViewController.swift */,
				D0C913EE2CEC218100A4E0CE /* NewConversationsViewModel.swift */,
			);
			path = NewConversations;
			sourceTree = "<group>";
		};
		D0C913F02CF0CADA00A4E0CE /* Storage */ = {
			isa = PBXGroup;
			children = (
				D0C913F12CF0CAE800A4E0CE /* StorageManager.swift */,
			);
			path = Storage;
			sourceTree = "<group>";
		};
		D0EB3A262CC9309E00D76DD3 = {
			isa = PBXGroup;
			children = (
				D0EB3A312CC9309E00D76DD3 /* HootMessenger */,
				D0EB3A482CC9309F00D76DD3 /* HootMessengerTests */,
				D0EB3A522CC9309F00D76DD3 /* HootMessengerUITests */,
				B06400EA8867E85B0C37A986 /* Pods */,
				126CF84AB0EA73F906904A2C /* Frameworks */,
				D0855AD12CCCCC6F00F39D94 /* HootMessenger.app */,
				D0855AD22CCCCC6F00F39D94 /* HootMessengerTests.xctest */,
				D0855AD32CCCCC6F00F39D94 /* HootMessengerUITests.xctest */,
			);
			sourceTree = "<group>";
		};
		D0EB3A312CC9309E00D76DD3 /* HootMessenger */ = {
			isa = PBXGroup;
			children = (
				D05AD1B82CE23FEF0075AA44 /* GoogleService-Info.plist */,
				D054BB2E2CD3220F002B054D /* Components */,
				D054BB2B2CD12B2F002B054D /* Model */,
				D04892A42CCCAC3200D7A12B /* NavigationCoordinator */,
				D0EB3A692CC9322600D76DD3 /* Extensions */,
				D0EB3A682CC9321100D76DD3 /* Coordinator */,
				D0EB3A672CC9320B00D76DD3 /* Services */,
				D0EB3A662CC9319400D76DD3 /* Commons */,
				D0EB3A652CC9318E00D76DD3 /* Views */,
				D0EB3A632CC9317A00D76DD3 /* ViewControllers */,
				D0EB3A622CC9317200D76DD3 /* Resources */,
				D0EB3A322CC9309E00D76DD3 /* AppDelegate.swift */,
				D0EB3A342CC9309E00D76DD3 /* SceneDelegate.swift */,
				D0EB3A3B2CC9309F00D76DD3 /* Assets.xcassets */,
				D0EB3A3D2CC9309F00D76DD3 /* LaunchScreen.storyboard */,
				D0EB3A402CC9309F00D76DD3 /* Info.plist */,
			);
			path = HootMessenger;
			sourceTree = "<group>";
		};
		D0EB3A482CC9309F00D76DD3 /* HootMessengerTests */ = {
			isa = PBXGroup;
			children = (
				D0EB3A492CC9309F00D76DD3 /* HootMessengerTests.swift */,
			);
			path = HootMessengerTests;
			sourceTree = "<group>";
		};
		D0EB3A522CC9309F00D76DD3 /* HootMessengerUITests */ = {
			isa = PBXGroup;
			children = (
				D0EB3A532CC9309F00D76DD3 /* HootMessengerUITests.swift */,
				D0EB3A552CC9309F00D76DD3 /* HootMessengerUITestsLaunchTests.swift */,
			);
			path = HootMessengerUITests;
			sourceTree = "<group>";
		};
		D0EB3A622CC9317200D76DD3 /* Resources */ = {
			isa = PBXGroup;
			children = (
			);
			path = Resources;
			sourceTree = "<group>";
		};
		D0EB3A632CC9317A00D76DD3 /* ViewControllers */ = {
			isa = PBXGroup;
			children = (
				D073F29E2CE8857C00A461A6 /* Chat */,
				D05AD1AF2CDC8D060075AA44 /* Profile */,
				D05AD1A82CDBAE7F0075AA44 /* BaseTabBar */,
				D0B1468E2CC9593F003D9711 /* VideoPlayer */,
				D0B1468B2CC95922003D9711 /* PhotoViewer */,
				D0B146882CC9590E003D9711 /* Register */,
				D0B146852CC958F7003D9711 /* Login */,
				D0B146842CC958E2003D9711 /* Conversations */,
			);
			path = ViewControllers;
			sourceTree = "<group>";
		};
		D0EB3A652CC9318E00D76DD3 /* Views */ = {
			isa = PBXGroup;
			children = (
			);
			path = Views;
			sourceTree = "<group>";
		};
		D0EB3A662CC9319400D76DD3 /* Commons */ = {
			isa = PBXGroup;
			children = (
				D0C913F32CF599ED00A4E0CE /* CommonUtils.swift */,
			);
			path = Commons;
			sourceTree = "<group>";
		};
		D0EB3A672CC9320B00D76DD3 /* Services */ = {
			isa = PBXGroup;
			children = (
				D05AD1A42CD905CB0075AA44 /* APIService.swift */,
				D0C913F52D01DF9C00A4E0CE /* APIService+GoogleSignIn.swift */,
				D0C913F72D01E00100A4E0CE /* APIService+Storage.swift */,
				D05AD1A62CD907000075AA44 /* APIServicing.swift */,
				D0C913F02CF0CADA00A4E0CE /* Storage */,
			);
			path = Services;
			sourceTree = "<group>";
		};
		D0EB3A682CC9321100D76DD3 /* Coordinator */ = {
			isa = PBXGroup;
			children = (
				D0EB3A6A2CC93D1600D76DD3 /* Coordinating.swift */,
				D0EB3A6C2CC93D4200D76DD3 /* Coordinator.swift */,
			);
			path = Coordinator;
			sourceTree = "<group>";
		};
		D0EB3A692CC9322600D76DD3 /* Extensions */ = {
			isa = PBXGroup;
			children = (
				D0855ADC2CCCD11800F39D94 /* Extension++.swift */,
			);
			path = Extensions;
			sourceTree = "<group>";
		};
/* End PBXGroup section */

/* Begin PBXNativeTarget section */
		D0EB3A2E2CC9309E00D76DD3 /* HootMessenger */ = {
			isa = PBXNativeTarget;
			buildConfigurationList = D0EB3A592CC9309F00D76DD3 /* Build configuration list for PBXNativeTarget "HootMessenger" */;
			buildPhases = (
				C2CBDB62AA8185279C1EDCA3 /* [CP] Check Pods Manifest.lock */,
				D0EB3A2B2CC9309E00D76DD3 /* Sources */,
				D0EB3A2C2CC9309E00D76DD3 /* Frameworks */,
				D0EB3A2D2CC9309E00D76DD3 /* Resources */,
				D054FC6A2CCCCA8B00AF1395 /* Embed Frameworks */,
				F6A7508EE81D89F8C3C5BFA8 /* [CP] Embed Pods Frameworks */,
			);
			buildRules = (
			);
			dependencies = (
			);
			name = HootMessenger;
			packageProductDependencies = (
				D0855ADA2CCCCE9A00F39D94 /* SnapKit */,
				D0FC6BDF2CD5E77B006204A5 /* IQKeyboardManagerSwift */,
			);
			productName = HootMessenger;
			productReference = D0855AD12CCCCC6F00F39D94 /* HootMessenger.app */;
			productType = "com.apple.product-type.application";
		};
		D0EB3A442CC9309F00D76DD3 /* HootMessengerTests */ = {
			isa = PBXNativeTarget;
			buildConfigurationList = D0EB3A5C2CC9309F00D76DD3 /* Build configuration list for PBXNativeTarget "HootMessengerTests" */;
			buildPhases = (
				D0EB3A412CC9309F00D76DD3 /* Sources */,
				D0EB3A422CC9309F00D76DD3 /* Frameworks */,
				D0EB3A432CC9309F00D76DD3 /* Resources */,
			);
			buildRules = (
			);
			dependencies = (
				D0EB3A472CC9309F00D76DD3 /* PBXTargetDependency */,
			);
			name = HootMessengerTests;
			productName = HootMessengerTests;
			productReference = D0855AD22CCCCC6F00F39D94 /* HootMessengerTests.xctest */;
			productType = "com.apple.product-type.bundle.unit-test";
		};
		D0EB3A4E2CC9309F00D76DD3 /* HootMessengerUITests */ = {
			isa = PBXNativeTarget;
			buildConfigurationList = D0EB3A5F2CC9309F00D76DD3 /* Build configuration list for PBXNativeTarget "HootMessengerUITests" */;
			buildPhases = (
				D0EB3A4B2CC9309F00D76DD3 /* Sources */,
				D0EB3A4C2CC9309F00D76DD3 /* Frameworks */,
				D0EB3A4D2CC9309F00D76DD3 /* Resources */,
			);
			buildRules = (
			);
			dependencies = (
				D0EB3A512CC9309F00D76DD3 /* PBXTargetDependency */,
			);
			name = HootMessengerUITests;
			productName = HootMessengerUITests;
			productReference = D0855AD32CCCCC6F00F39D94 /* HootMessengerUITests.xctest */;
			productType = "com.apple.product-type.bundle.ui-testing";
		};
/* End PBXNativeTarget section */

/* Begin PBXProject section */
		D0EB3A272CC9309E00D76DD3 /* Project object */ = {
			isa = PBXProject;
			attributes = {
				BuildIndependentTargetsInParallel = 1;
				LastSwiftUpdateCheck = 1540;
				LastUpgradeCheck = 1540;
				TargetAttributes = {
					D0EB3A2E2CC9309E00D76DD3 = {
						CreatedOnToolsVersion = 15.4;
					};
					D0EB3A442CC9309F00D76DD3 = {
						CreatedOnToolsVersion = 15.4;
						TestTargetID = D0EB3A2E2CC9309E00D76DD3;
					};
					D0EB3A4E2CC9309F00D76DD3 = {
						CreatedOnToolsVersion = 15.4;
						TestTargetID = D0EB3A2E2CC9309E00D76DD3;
					};
				};
			};
			buildConfigurationList = D0EB3A2A2CC9309E00D76DD3 /* Build configuration list for PBXProject "HootMessenger" */;
			compatibilityVersion = "Xcode 14.0";
			developmentRegion = en;
			hasScannedForEncodings = 0;
			knownRegions = (
				en,
				Base,
			);
			mainGroup = D0EB3A262CC9309E00D76DD3;
			packageReferences = (
				D0855AD92CCCCE9A00F39D94 /* XCRemoteSwiftPackageReference "SnapKit" */,
				D054BB402CD5E37F002B054D /* XCRemoteSwiftPackageReference "IQKeyboardManager" */,
			);
			productRefGroup = D0EB3A262CC9309E00D76DD3;
			projectDirPath = "";
			projectRoot = "";
			targets = (
				D0EB3A2E2CC9309E00D76DD3 /* HootMessenger */,
				D0EB3A442CC9309F00D76DD3 /* HootMessengerTests */,
				D0EB3A4E2CC9309F00D76DD3 /* HootMessengerUITests */,
			);
		};
/* End PBXProject section */

/* Begin PBXResourcesBuildPhase section */
		D0EB3A2D2CC9309E00D76DD3 /* Resources */ = {
			isa = PBXResourcesBuildPhase;
			buildActionMask = 2147483647;
			files = (
				D0EB3A3C2CC9309F00D76DD3 /* Assets.xcassets in Resources */,
				D05AD1B92CE23FEF0075AA44 /* GoogleService-Info.plist in Resources */,
				D0EB3A3F2CC9309F00D76DD3 /* Base in Resources */,
			);
			runOnlyForDeploymentPostprocessing = 0;
		};
		D0EB3A432CC9309F00D76DD3 /* Resources */ = {
			isa = PBXResourcesBuildPhase;
			buildActionMask = 2147483647;
			files = (
			);
			runOnlyForDeploymentPostprocessing = 0;
		};
		D0EB3A4D2CC9309F00D76DD3 /* Resources */ = {
			isa = PBXResourcesBuildPhase;
			buildActionMask = 2147483647;
			files = (
			);
			runOnlyForDeploymentPostprocessing = 0;
		};
/* End PBXResourcesBuildPhase section */

/* Begin PBXShellScriptBuildPhase section */
		C2CBDB62AA8185279C1EDCA3 /* [CP] Check Pods Manifest.lock */ = {
			isa = PBXShellScriptBuildPhase;
			buildActionMask = 2147483647;
			files = (
			);
			inputFileListPaths = (
			);
			inputPaths = (
				"${PODS_PODFILE_DIR_PATH}/Podfile.lock",
				"${PODS_ROOT}/Manifest.lock",
			);
			name = "[CP] Check Pods Manifest.lock";
			outputFileListPaths = (
			);
			outputPaths = (
				"$(DERIVED_FILE_DIR)/Pods-HootMessenger-checkManifestLockResult.txt",
			);
			runOnlyForDeploymentPostprocessing = 0;
			shellPath = /bin/sh;
			shellScript = "diff \"${PODS_PODFILE_DIR_PATH}/Podfile.lock\" \"${PODS_ROOT}/Manifest.lock\" > /dev/null\nif [ $? != 0 ] ; then\n    # print error to STDERR\n    echo \"error: The sandbox is not in sync with the Podfile.lock. Run 'pod install' or update your CocoaPods installation.\" >&2\n    exit 1\nfi\n# This output is used by Xcode 'outputs' to avoid re-running this script phase.\necho \"SUCCESS\" > \"${SCRIPT_OUTPUT_FILE_0}\"\n";
			showEnvVarsInLog = 0;
		};
		F6A7508EE81D89F8C3C5BFA8 /* [CP] Embed Pods Frameworks */ = {
			isa = PBXShellScriptBuildPhase;
			buildActionMask = 2147483647;
			files = (
			);
			inputFileListPaths = (
				"${PODS_ROOT}/Target Support Files/Pods-HootMessenger/Pods-HootMessenger-frameworks-${CONFIGURATION}-input-files.xcfilelist",
			);
			name = "[CP] Embed Pods Frameworks";
			outputFileListPaths = (
				"${PODS_ROOT}/Target Support Files/Pods-HootMessenger/Pods-HootMessenger-frameworks-${CONFIGURATION}-output-files.xcfilelist",
			);
			runOnlyForDeploymentPostprocessing = 0;
			shellPath = /bin/sh;
			shellScript = "\"${PODS_ROOT}/Target Support Files/Pods-HootMessenger/Pods-HootMessenger-frameworks.sh\"\n";
			showEnvVarsInLog = 0;
		};
/* End PBXShellScriptBuildPhase section */

/* Begin PBXSourcesBuildPhase section */
		D0EB3A2B2CC9309E00D76DD3 /* Sources */ = {
			isa = PBXSourcesBuildPhase;
			buildActionMask = 2147483647;
			files = (
				D0B146872CC95906003D9711 /* LoginViewController.swift in Sources */,
				D054BB2A2CD12A5B002B054D /* RegisterViewModel.swift in Sources */,
				D0EB3A372CC9309E00D76DD3 /* ConversationsViewController.swift in Sources */,
				D0B1468A2CC9591B003D9711 /* RegisterViewController.swift in Sources */,
				D054BB3E2CD32257002B054D /* ViewControllerLayoutable.swift in Sources */,
				D0C913F62D01DF9C00A4E0CE /* APIService+GoogleSignIn.swift in Sources */,
				D0B146902CC95953003D9711 /* VideoPlayerViewController.swift in Sources */,
				D0EB3A332CC9309E00D76DD3 /* AppDelegate.swift in Sources */,
				D05AD1A52CD905CB0075AA44 /* APIService.swift in Sources */,
				D073F2A22CE8859900A461A6 /* ChatViewModel.swift in Sources */,
				D0C913F22CF0CAE800A4E0CE /* StorageManager.swift in Sources */,
				D0EB3A6D2CC93D4200D76DD3 /* Coordinator.swift in Sources */,
				D0AE48242CE387BB00E3D34F /* PageDivider.swift in Sources */,
				D054BB392CD32257002B054D /* BaseViewController.swift in Sources */,
				D0C913F82D01E00100A4E0CE /* APIService+Storage.swift in Sources */,
				D05AD1A32CD7A8A70075AA44 /* ConversationsViewModel.swift in Sources */,
				D05AD1AA2CDBAE980075AA44 /* BaseTabBarController.swift in Sources */,
				D05AD1B32CDCC20C0075AA44 /* ProfileViewModel.swift in Sources */,
				D05AD1B12CDC8D110075AA44 /* ProfileViewController.swift in Sources */,
				D04892A82CCCAC9100D7A12B /* NavigationCoordinating.swift in Sources */,
				D0855ADD2CCCD11800F39D94 /* Extension++.swift in Sources */,
				D0B1468D2CC95938003D9711 /* PhotoViewerViewController.swift in Sources */,
				D054BB3D2CD32257002B054D /* Layout.swift in Sources */,
				D054BB3C2CD32257002B054D /* FillMainContentLayout.swift in Sources */,
				D054BB3F2CD32257002B054D /* ViewControllerProtocol.swift in Sources */,
				D0EB3A6B2CC93D1600D76DD3 /* Coordinating.swift in Sources */,
				D0B146922CC95976003D9711 /* NewConversationViewController.swift in Sources */,
				D05AD1A72CD907000075AA44 /* APIServicing.swift in Sources */,
				D0C913F42CF599ED00A4E0CE /* CommonUtils.swift in Sources */,
				D054BB2D2CD12B61002B054D /* ChatAppUser.swift in Sources */,
				D054BB3A2CD32257002B054D /* FillMainContentViewController.swift in Sources */,
				D054BB3B2CD32257002B054D /* BaseLayout.swift in Sources */,
				D05AD1AE2CDBB0540075AA44 /* OverlayLabel.swift in Sources */,
				D073F2A02CE8859100A461A6 /* ChatViewController.swift in Sources */,
				D05AD1B52CDE78C20075AA44 /* ProfileTableViewCellModel.swift in Sources */,
				D04892A32CCCA7C000D7A12B /* LoginViewModel.swift in Sources */,
				D04892A62CCCAC8500D7A12B /* NavigationCoordinator.swift in Sources */,
				D0EB3A352CC9309E00D76DD3 /* SceneDelegate.swift in Sources */,
				D0C913EF2CEC218100A4E0CE /* NewConversationsViewModel.swift in Sources */,
				D05AD1AC2CDBAEB60075AA44 /* BaseTabBarViewModel.swift in Sources */,
			);
			runOnlyForDeploymentPostprocessing = 0;
		};
		D0EB3A412CC9309F00D76DD3 /* Sources */ = {
			isa = PBXSourcesBuildPhase;
			buildActionMask = 2147483647;
			files = (
				D0EB3A4A2CC9309F00D76DD3 /* HootMessengerTests.swift in Sources */,
			);
			runOnlyForDeploymentPostprocessing = 0;
		};
		D0EB3A4B2CC9309F00D76DD3 /* Sources */ = {
			isa = PBXSourcesBuildPhase;
			buildActionMask = 2147483647;
			files = (
				D0EB3A562CC9309F00D76DD3 /* HootMessengerUITestsLaunchTests.swift in Sources */,
				D0EB3A542CC9309F00D76DD3 /* HootMessengerUITests.swift in Sources */,
			);
			runOnlyForDeploymentPostprocessing = 0;
		};
/* End PBXSourcesBuildPhase section */

/* Begin PBXTargetDependency section */
		D0EB3A472CC9309F00D76DD3 /* PBXTargetDependency */ = {
			isa = PBXTargetDependency;
			target = D0EB3A2E2CC9309E00D76DD3 /* HootMessenger */;
			targetProxy = D0EB3A462CC9309F00D76DD3 /* PBXContainerItemProxy */;
		};
		D0EB3A512CC9309F00D76DD3 /* PBXTargetDependency */ = {
			isa = PBXTargetDependency;
			target = D0EB3A2E2CC9309E00D76DD3 /* HootMessenger */;
			targetProxy = D0EB3A502CC9309F00D76DD3 /* PBXContainerItemProxy */;
		};
/* End PBXTargetDependency section */

/* Begin PBXVariantGroup section */
		D0EB3A3D2CC9309F00D76DD3 /* LaunchScreen.storyboard */ = {
			isa = PBXVariantGroup;
			children = (
				D0EB3A3E2CC9309F00D76DD3 /* Base */,
			);
			name = LaunchScreen.storyboard;
			sourceTree = "<group>";
		};
/* End PBXVariantGroup section */

/* Begin XCBuildConfiguration section */
		D0EB3A572CC9309F00D76DD3 /* Debug */ = {
			isa = XCBuildConfiguration;
			buildSettings = {
				ALWAYS_SEARCH_USER_PATHS = NO;
				ASSETCATALOG_COMPILER_GENERATE_SWIFT_ASSET_SYMBOL_EXTENSIONS = YES;
				CLANG_ANALYZER_NONNULL = YES;
				CLANG_ANALYZER_NUMBER_OBJECT_CONVERSION = YES_AGGRESSIVE;
				CLANG_CXX_LANGUAGE_STANDARD = "gnu++20";
				CLANG_ENABLE_MODULES = YES;
				CLANG_ENABLE_OBJC_ARC = YES;
				CLANG_ENABLE_OBJC_WEAK = YES;
				CLANG_WARN_BLOCK_CAPTURE_AUTORELEASING = YES;
				CLANG_WARN_BOOL_CONVERSION = YES;
				CLANG_WARN_COMMA = YES;
				CLANG_WARN_CONSTANT_CONVERSION = YES;
				CLANG_WARN_DEPRECATED_OBJC_IMPLEMENTATIONS = YES;
				CLANG_WARN_DIRECT_OBJC_ISA_USAGE = YES_ERROR;
				CLANG_WARN_DOCUMENTATION_COMMENTS = YES;
				CLANG_WARN_EMPTY_BODY = YES;
				CLANG_WARN_ENUM_CONVERSION = YES;
				CLANG_WARN_INFINITE_RECURSION = YES;
				CLANG_WARN_INT_CONVERSION = YES;
				CLANG_WARN_NON_LITERAL_NULL_CONVERSION = YES;
				CLANG_WARN_OBJC_IMPLICIT_RETAIN_SELF = YES;
				CLANG_WARN_OBJC_LITERAL_CONVERSION = YES;
				CLANG_WARN_OBJC_ROOT_CLASS = YES_ERROR;
				CLANG_WARN_QUOTED_INCLUDE_IN_FRAMEWORK_HEADER = YES;
				CLANG_WARN_RANGE_LOOP_ANALYSIS = YES;
				CLANG_WARN_STRICT_PROTOTYPES = YES;
				CLANG_WARN_SUSPICIOUS_MOVE = YES;
				CLANG_WARN_UNGUARDED_AVAILABILITY = YES_AGGRESSIVE;
				CLANG_WARN_UNREACHABLE_CODE = YES;
				CLANG_WARN__DUPLICATE_METHOD_MATCH = YES;
				COPY_PHASE_STRIP = NO;
				DEBUG_INFORMATION_FORMAT = dwarf;
				ENABLE_STRICT_OBJC_MSGSEND = YES;
				ENABLE_TESTABILITY = YES;
				ENABLE_USER_SCRIPT_SANDBOXING = YES;
				GCC_C_LANGUAGE_STANDARD = gnu17;
				GCC_DYNAMIC_NO_PIC = NO;
				GCC_NO_COMMON_BLOCKS = YES;
				GCC_OPTIMIZATION_LEVEL = 0;
				GCC_PREPROCESSOR_DEFINITIONS = (
					"DEBUG=1",
					"$(inherited)",
				);
				GCC_WARN_64_TO_32_BIT_CONVERSION = YES;
				GCC_WARN_ABOUT_RETURN_TYPE = YES_ERROR;
				GCC_WARN_UNDECLARED_SELECTOR = YES;
				GCC_WARN_UNINITIALIZED_AUTOS = YES_AGGRESSIVE;
				GCC_WARN_UNUSED_FUNCTION = YES;
				GCC_WARN_UNUSED_VARIABLE = YES;
				IPHONEOS_DEPLOYMENT_TARGET = 17.5;
				LOCALIZATION_PREFERS_STRING_CATALOGS = YES;
				MTL_ENABLE_DEBUG_INFO = INCLUDE_SOURCE;
				MTL_FAST_MATH = YES;
				ONLY_ACTIVE_ARCH = YES;
				SDKROOT = iphoneos;
				SWIFT_ACTIVE_COMPILATION_CONDITIONS = "DEBUG $(inherited)";
				SWIFT_OPTIMIZATION_LEVEL = "-Onone";
			};
			name = Debug;
		};
		D0EB3A582CC9309F00D76DD3 /* Release */ = {
			isa = XCBuildConfiguration;
			buildSettings = {
				ALWAYS_SEARCH_USER_PATHS = NO;
				ASSETCATALOG_COMPILER_GENERATE_SWIFT_ASSET_SYMBOL_EXTENSIONS = YES;
				CLANG_ANALYZER_NONNULL = YES;
				CLANG_ANALYZER_NUMBER_OBJECT_CONVERSION = YES_AGGRESSIVE;
				CLANG_CXX_LANGUAGE_STANDARD = "gnu++20";
				CLANG_ENABLE_MODULES = YES;
				CLANG_ENABLE_OBJC_ARC = YES;
				CLANG_ENABLE_OBJC_WEAK = YES;
				CLANG_WARN_BLOCK_CAPTURE_AUTORELEASING = YES;
				CLANG_WARN_BOOL_CONVERSION = YES;
				CLANG_WARN_COMMA = YES;
				CLANG_WARN_CONSTANT_CONVERSION = YES;
				CLANG_WARN_DEPRECATED_OBJC_IMPLEMENTATIONS = YES;
				CLANG_WARN_DIRECT_OBJC_ISA_USAGE = YES_ERROR;
				CLANG_WARN_DOCUMENTATION_COMMENTS = YES;
				CLANG_WARN_EMPTY_BODY = YES;
				CLANG_WARN_ENUM_CONVERSION = YES;
				CLANG_WARN_INFINITE_RECURSION = YES;
				CLANG_WARN_INT_CONVERSION = YES;
				CLANG_WARN_NON_LITERAL_NULL_CONVERSION = YES;
				CLANG_WARN_OBJC_IMPLICIT_RETAIN_SELF = YES;
				CLANG_WARN_OBJC_LITERAL_CONVERSION = YES;
				CLANG_WARN_OBJC_ROOT_CLASS = YES_ERROR;
				CLANG_WARN_QUOTED_INCLUDE_IN_FRAMEWORK_HEADER = YES;
				CLANG_WARN_RANGE_LOOP_ANALYSIS = YES;
				CLANG_WARN_STRICT_PROTOTYPES = YES;
				CLANG_WARN_SUSPICIOUS_MOVE = YES;
				CLANG_WARN_UNGUARDED_AVAILABILITY = YES_AGGRESSIVE;
				CLANG_WARN_UNREACHABLE_CODE = YES;
				CLANG_WARN__DUPLICATE_METHOD_MATCH = YES;
				COPY_PHASE_STRIP = NO;
				DEBUG_INFORMATION_FORMAT = "dwarf-with-dsym";
				ENABLE_NS_ASSERTIONS = NO;
				ENABLE_STRICT_OBJC_MSGSEND = YES;
				ENABLE_USER_SCRIPT_SANDBOXING = YES;
				GCC_C_LANGUAGE_STANDARD = gnu17;
				GCC_NO_COMMON_BLOCKS = YES;
				GCC_WARN_64_TO_32_BIT_CONVERSION = YES;
				GCC_WARN_ABOUT_RETURN_TYPE = YES_ERROR;
				GCC_WARN_UNDECLARED_SELECTOR = YES;
				GCC_WARN_UNINITIALIZED_AUTOS = YES_AGGRESSIVE;
				GCC_WARN_UNUSED_FUNCTION = YES;
				GCC_WARN_UNUSED_VARIABLE = YES;
				IPHONEOS_DEPLOYMENT_TARGET = 17.5;
				LOCALIZATION_PREFERS_STRING_CATALOGS = YES;
				MTL_ENABLE_DEBUG_INFO = NO;
				MTL_FAST_MATH = YES;
				SDKROOT = iphoneos;
				SWIFT_COMPILATION_MODE = wholemodule;
				VALIDATE_PRODUCT = YES;
			};
			name = Release;
		};
		D0EB3A5A2CC9309F00D76DD3 /* Debug */ = {
			isa = XCBuildConfiguration;
			baseConfigurationReference = D2FD20CF13F78938E956F54B /* Pods-HootMessenger.debug.xcconfig */;
			buildSettings = {
				ASSETCATALOG_COMPILER_APPICON_NAME = AppIcon;
				ASSETCATALOG_COMPILER_GLOBAL_ACCENT_COLOR_NAME = AccentColor;
				CODE_SIGN_STYLE = Automatic;
				CURRENT_PROJECT_VERSION = 1;
				ENABLE_USER_SCRIPT_SANDBOXING = NO;
				GENERATE_INFOPLIST_FILE = YES;
				INFOPLIST_FILE = HootMessenger/Info.plist;
				INFOPLIST_KEY_NSCameraUsageDescription = "Please allow access to take a profile picture";
				INFOPLIST_KEY_NSPhotoLibraryAddUsageDescription = "Please allow access to select a photo for your profile";
				INFOPLIST_KEY_UIApplicationSupportsIndirectInputEvents = YES;
				INFOPLIST_KEY_UILaunchStoryboardName = LaunchScreen;
				INFOPLIST_KEY_UISupportedInterfaceOrientations = UIInterfaceOrientationPortrait;
				IPHONEOS_DEPLOYMENT_TARGET = 16.0;
				LD_RUNPATH_SEARCH_PATHS = (
					"$(inherited)",
					"@executable_path/Frameworks",
				);
				MARKETING_VERSION = 1.0;
				PRODUCT_BUNDLE_IDENTIFIER = com.nurdinaffandidev.HootMessenger;
				PRODUCT_NAME = "$(TARGET_NAME)";
				SWIFT_EMIT_LOC_STRINGS = YES;
				SWIFT_VERSION = 5.0;
				TARGETED_DEVICE_FAMILY = "1,2";
			};
			name = Debug;
		};
		D0EB3A5B2CC9309F00D76DD3 /* Release */ = {
			isa = XCBuildConfiguration;
			baseConfigurationReference = 3CC8EC5D4F7B113D1094863A /* Pods-HootMessenger.release.xcconfig */;
			buildSettings = {
				ASSETCATALOG_COMPILER_APPICON_NAME = AppIcon;
				ASSETCATALOG_COMPILER_GLOBAL_ACCENT_COLOR_NAME = AccentColor;
				CODE_SIGN_STYLE = Automatic;
				CURRENT_PROJECT_VERSION = 1;
				ENABLE_USER_SCRIPT_SANDBOXING = NO;
				"EXCLUDED_ARCHS[sdk=*]" = arm64;
				GENERATE_INFOPLIST_FILE = YES;
				INFOPLIST_FILE = HootMessenger/Info.plist;
				INFOPLIST_KEY_NSCameraUsageDescription = "Please allow access to take a profile picture";
				INFOPLIST_KEY_NSPhotoLibraryAddUsageDescription = "Please allow access to select a photo for your profile";
				INFOPLIST_KEY_UIApplicationSupportsIndirectInputEvents = YES;
				INFOPLIST_KEY_UILaunchStoryboardName = LaunchScreen;
				INFOPLIST_KEY_UISupportedInterfaceOrientations = UIInterfaceOrientationPortrait;
				IPHONEOS_DEPLOYMENT_TARGET = 16.0;
				LD_RUNPATH_SEARCH_PATHS = (
					"$(inherited)",
					"@executable_path/Frameworks",
				);
				MARKETING_VERSION = 1.0;
				PRODUCT_BUNDLE_IDENTIFIER = com.nurdinaffandidev.HootMessenger;
				PRODUCT_NAME = "$(TARGET_NAME)";
				SWIFT_EMIT_LOC_STRINGS = YES;
				SWIFT_VERSION = 5.0;
				TARGETED_DEVICE_FAMILY = "1,2";
			};
			name = Release;
		};
		D0EB3A5D2CC9309F00D76DD3 /* Debug */ = {
			isa = XCBuildConfiguration;
			buildSettings = {
				ALWAYS_EMBED_SWIFT_STANDARD_LIBRARIES = YES;
				BUNDLE_LOADER = "$(TEST_HOST)";
				CODE_SIGN_STYLE = Automatic;
				CURRENT_PROJECT_VERSION = 1;
				GENERATE_INFOPLIST_FILE = YES;
				IPHONEOS_DEPLOYMENT_TARGET = 17.5;
				MARKETING_VERSION = 1.0;
				PRODUCT_BUNDLE_IDENTIFIER = com.nurdinaffandidev.HootMessengerTests;
				PRODUCT_NAME = "$(TARGET_NAME)";
				SWIFT_EMIT_LOC_STRINGS = NO;
				SWIFT_VERSION = 5.0;
				TARGETED_DEVICE_FAMILY = "1,2";
				TEST_HOST = "$(BUILT_PRODUCTS_DIR)/HootMessenger.app/$(BUNDLE_EXECUTABLE_FOLDER_PATH)/HootMessenger";
			};
			name = Debug;
		};
		D0EB3A5E2CC9309F00D76DD3 /* Release */ = {
			isa = XCBuildConfiguration;
			buildSettings = {
				ALWAYS_EMBED_SWIFT_STANDARD_LIBRARIES = YES;
				BUNDLE_LOADER = "$(TEST_HOST)";
				CODE_SIGN_STYLE = Automatic;
				CURRENT_PROJECT_VERSION = 1;
				GENERATE_INFOPLIST_FILE = YES;
				IPHONEOS_DEPLOYMENT_TARGET = 17.5;
				MARKETING_VERSION = 1.0;
				PRODUCT_BUNDLE_IDENTIFIER = com.nurdinaffandidev.HootMessengerTests;
				PRODUCT_NAME = "$(TARGET_NAME)";
				SWIFT_EMIT_LOC_STRINGS = NO;
				SWIFT_VERSION = 5.0;
				TARGETED_DEVICE_FAMILY = "1,2";
				TEST_HOST = "$(BUILT_PRODUCTS_DIR)/HootMessenger.app/$(BUNDLE_EXECUTABLE_FOLDER_PATH)/HootMessenger";
			};
			name = Release;
		};
		D0EB3A602CC9309F00D76DD3 /* Debug */ = {
			isa = XCBuildConfiguration;
			buildSettings = {
				ALWAYS_EMBED_SWIFT_STANDARD_LIBRARIES = YES;
				CODE_SIGN_STYLE = Automatic;
				CURRENT_PROJECT_VERSION = 1;
				GENERATE_INFOPLIST_FILE = YES;
				MARKETING_VERSION = 1.0;
				PRODUCT_BUNDLE_IDENTIFIER = com.nurdinaffandidev.HootMessengerUITests;
				PRODUCT_NAME = "$(TARGET_NAME)";
				SWIFT_EMIT_LOC_STRINGS = NO;
				SWIFT_VERSION = 5.0;
				TARGETED_DEVICE_FAMILY = "1,2";
				TEST_TARGET_NAME = HootMessenger;
			};
			name = Debug;
		};
		D0EB3A612CC9309F00D76DD3 /* Release */ = {
			isa = XCBuildConfiguration;
			buildSettings = {
				ALWAYS_EMBED_SWIFT_STANDARD_LIBRARIES = YES;
				CODE_SIGN_STYLE = Automatic;
				CURRENT_PROJECT_VERSION = 1;
				GENERATE_INFOPLIST_FILE = YES;
				MARKETING_VERSION = 1.0;
				PRODUCT_BUNDLE_IDENTIFIER = com.nurdinaffandidev.HootMessengerUITests;
				PRODUCT_NAME = "$(TARGET_NAME)";
				SWIFT_EMIT_LOC_STRINGS = NO;
				SWIFT_VERSION = 5.0;
				TARGETED_DEVICE_FAMILY = "1,2";
				TEST_TARGET_NAME = HootMessenger;
			};
			name = Release;
		};
/* End XCBuildConfiguration section */

/* Begin XCConfigurationList section */
		D0EB3A2A2CC9309E00D76DD3 /* Build configuration list for PBXProject "HootMessenger" */ = {
			isa = XCConfigurationList;
			buildConfigurations = (
				D0EB3A572CC9309F00D76DD3 /* Debug */,
				D0EB3A582CC9309F00D76DD3 /* Release */,
			);
			defaultConfigurationIsVisible = 0;
			defaultConfigurationName = Release;
		};
		D0EB3A592CC9309F00D76DD3 /* Build configuration list for PBXNativeTarget "HootMessenger" */ = {
			isa = XCConfigurationList;
			buildConfigurations = (
				D0EB3A5A2CC9309F00D76DD3 /* Debug */,
				D0EB3A5B2CC9309F00D76DD3 /* Release */,
			);
			defaultConfigurationIsVisible = 0;
			defaultConfigurationName = Release;
		};
		D0EB3A5C2CC9309F00D76DD3 /* Build configuration list for PBXNativeTarget "HootMessengerTests" */ = {
			isa = XCConfigurationList;
			buildConfigurations = (
				D0EB3A5D2CC9309F00D76DD3 /* Debug */,
				D0EB3A5E2CC9309F00D76DD3 /* Release */,
			);
			defaultConfigurationIsVisible = 0;
			defaultConfigurationName = Release;
		};
		D0EB3A5F2CC9309F00D76DD3 /* Build configuration list for PBXNativeTarget "HootMessengerUITests" */ = {
			isa = XCConfigurationList;
			buildConfigurations = (
				D0EB3A602CC9309F00D76DD3 /* Debug */,
				D0EB3A612CC9309F00D76DD3 /* Release */,
			);
			defaultConfigurationIsVisible = 0;
			defaultConfigurationName = Release;
		};
/* End XCConfigurationList section */

/* Begin XCRemoteSwiftPackageReference section */
		D054BB402CD5E37F002B054D /* XCRemoteSwiftPackageReference "IQKeyboardManager" */ = {
			isa = XCRemoteSwiftPackageReference;
			repositoryURL = "https://github.com/hackiftekhar/IQKeyboardManager.git";
			requirement = {
				kind = upToNextMajorVersion;
				minimumVersion = 7.2.0;
			};
		};
		D0855AD92CCCCE9A00F39D94 /* XCRemoteSwiftPackageReference "SnapKit" */ = {
			isa = XCRemoteSwiftPackageReference;
			repositoryURL = "https://github.com/SnapKit/SnapKit.git";
			requirement = {
				kind = upToNextMajorVersion;
				minimumVersion = 5.7.1;
			};
		};
/* End XCRemoteSwiftPackageReference section */

/* Begin XCSwiftPackageProductDependency section */
		D0855ADA2CCCCE9A00F39D94 /* SnapKit */ = {
			isa = XCSwiftPackageProductDependency;
			package = D0855AD92CCCCE9A00F39D94 /* XCRemoteSwiftPackageReference "SnapKit" */;
			productName = SnapKit;
		};
		D0FC6BDF2CD5E77B006204A5 /* IQKeyboardManagerSwift */ = {
			isa = XCSwiftPackageProductDependency;
			package = D054BB402CD5E37F002B054D /* XCRemoteSwiftPackageReference "IQKeyboardManager" */;
			productName = IQKeyboardManagerSwift;
		};
/* End XCSwiftPackageProductDependency section */
	};
	rootObject = D0EB3A272CC9309E00D76DD3 /* Project object */;
}
